// !$*UTF8*$!
{
	archiveVersion = 1;
	classes = {
	};
	objectVersion = 77;
	objects = {

/* Begin PBXBuildFile section */
		81EE6CCB2FCDDC4B009D28DE /* RevenueCat in Frameworks */ = {isa = PBXBuildFile; productRef = 81EE6CCC2FCDDC4B009D28DE /* RevenueCat */; };
		920000012FD0000000000001 /* Supabase in Frameworks */ = {isa = PBXBuildFile; productRef = 920000022FD0000000000002 /* Supabase */; };
		920000032FD0000000000003 /* Supabase in Frameworks */ = {isa = PBXBuildFile; productRef = 920000042FD0000000000004 /* Supabase */; };
		A10000032FCE000000000003 /* GradelyWatchShared in Frameworks */ = {isa = PBXBuildFile; productRef = A10000022FCE000000000002 /* GradelyWatchShared */; };
		A10000042FCE000000000004 /* GradelyWatchShared in Frameworks */ = {isa = PBXBuildFile; productRef = A10000052FCE000000000005 /* GradelyWatchShared */; };
		A20000072FCE0000000000A7 /* GradelyWatch.app in Embed Watch Content */ = {isa = PBXBuildFile; fileRef = A20000042FCE0000000000A4 /* GradelyWatch.app */; settings = {ATTRIBUTES = (RemoveHeadersOnCopy, ); }; };
		B40000RC2FCEF10000000001 /* RevenueCat in Frameworks */ = {isa = PBXBuildFile; productRef = B40000RC2FCEF10000000002 /* RevenueCat */; };
		B50000012FCF000000000001 /* GradelyMacWidgets.appex in Embed App Extensions */ = {isa = PBXBuildFile; fileRef = B50000022FCF000000000002 /* GradelyMacWidgets.appex */; settings = {ATTRIBUTES = (RemoveHeadersOnCopy, ); }; };
		C53D9B8831BC494585B5670D /* GradelyWidgets.appex in Embed Foundation Extensions */ = {isa = PBXBuildFile; fileRef = 23EA86CD939E4E779E620824 /* GradelyWidgets.appex */; settings = {ATTRIBUTES = (RemoveHeadersOnCopy, ); }; };
		D20000202FD2000000000020 /* HugeiconsCore in Frameworks */ = {isa = PBXBuildFile; productRef = D20000102FD2000000000010 /* HugeiconsCore */; };
		D20000212FD2000000000021 /* HugeiconsStrokeRounded in Frameworks */ = {isa = PBXBuildFile; productRef = D20000112FD2000000000011 /* HugeiconsStrokeRounded */; };
		D20000222FD2000000000022 /* HugeiconsCore in Frameworks */ = {isa = PBXBuildFile; productRef = D20000122FD2000000000012 /* HugeiconsCore */; };
		D20000232FD2000000000023 /* HugeiconsStrokeRounded in Frameworks */ = {isa = PBXBuildFile; productRef = D20000132FD2000000000013 /* HugeiconsStrokeRounded */; };
		F10000202FD1000000000020 /* FirebaseCore in Frameworks */ = {isa = PBXBuildFile; productRef = F10000102FD1000000000010 /* FirebaseCore */; };
		F10000212FD1000000000021 /* FirebaseAuth in Frameworks */ = {isa = PBXBuildFile; productRef = F10000112FD1000000000011 /* FirebaseAuth */; };
		F10000222FD1000000000022 /* FirebaseFunctions in Frameworks */ = {isa = PBXBuildFile; productRef = F10000122FD1000000000012 /* FirebaseFunctions */; };
		F10000232FD1000000000023 /* FirebaseAppCheck in Frameworks */ = {isa = PBXBuildFile; productRef = F10000132FD1000000000013 /* FirebaseAppCheck */; };
		F10000242FD1000000000024 /* FirebaseCore in Frameworks */ = {isa = PBXBuildFile; productRef = F10000142FD1000000000014 /* FirebaseCore */; };
		F10000252FD1000000000025 /* FirebaseAuth in Frameworks */ = {isa = PBXBuildFile; productRef = F10000152FD1000000000015 /* FirebaseAuth */; };
		F10000262FD1000000000026 /* FirebaseFunctions in Frameworks */ = {isa = PBXBuildFile; productRef = F10000162FD1000000000016 /* FirebaseFunctions */; };
		F10000272FD1000000000027 /* FirebaseAppCheck in Frameworks */ = {isa = PBXBuildFile; productRef = F10000172FD1000000000017 /* FirebaseAppCheck */; };
/* End PBXBuildFile section */

/* Begin PBXContainerItemProxy section */
		81EE6CAF2FCDDC4B009D28DE /* PBXContainerItemProxy */ = {
			isa = PBXContainerItemProxy;
			containerPortal = 81EE6C992FCDDC4A009D28DE /* Project object */;
			proxyType = 1;
			remoteGlobalIDString = 81EE6CA02FCDDC4A009D28DE;
			remoteInfo = Gradely;
		};
		81EE6CB92FCDDC4B009D28DE /* PBXContainerItemProxy */ = {
			isa = PBXContainerItemProxy;
			containerPortal = 81EE6C992FCDDC4A009D28DE /* Project object */;
			proxyType = 1;
			remoteGlobalIDString = 81EE6CA02FCDDC4A009D28DE;
			remoteInfo = Gradely;
		};
		A20000032FCE0000000000A3 /* PBXContainerItemProxy */ = {
			isa = PBXContainerItemProxy;
			containerPortal = A20000012FCE0000000000A1 /* GradelyWatch.xcodeproj */;
			proxyType = 2;
			remoteGlobalIDString = B10000062FCE000000000006;
			remoteInfo = GradelyWatch;
		};
		A20000052FCE0000000000A5 /* PBXContainerItemProxy */ = {
			isa = PBXContainerItemProxy;
			containerPortal = A20000012FCE0000000000A1 /* GradelyWatch.xcodeproj */;
			proxyType = 1;
			remoteGlobalIDString = B100000E2FCE00000000000E;
			remoteInfo = GradelyWatch;
		};
		B50000032FCF000000000003 /* PBXContainerItemProxy */ = {
			isa = PBXContainerItemProxy;
			containerPortal = 81EE6C992FCDDC4A009D28DE /* Project object */;
			proxyType = 1;
			remoteGlobalIDString = B500000A2FCF00000000000A;
			remoteInfo = GradelyMacWidgets;
		};
		D734A237614240099FDAEE21 /* PBXContainerItemProxy */ = {
			isa = PBXContainerItemProxy;
			containerPortal = 81EE6C992FCDDC4A009D28DE /* Project object */;
			proxyType = 1;
			remoteGlobalIDString = 3C92596932E94E9D8745B9E6;
			remoteInfo = GradelyWidgets;
		};
/* End PBXContainerItemProxy section */

/* Begin PBXCopyFilesBuildPhase section */
		28E3FBE556724CC49EE2E04A /* Embed Foundation Extensions */ = {
			isa = PBXCopyFilesBuildPhase;
			buildActionMask = 2147483647;
			dstPath = "";
			dstSubfolderSpec = 13;
			files = (
				C53D9B8831BC494585B5670D /* GradelyWidgets.appex in Embed Foundation Extensions */,
			);
			name = "Embed Foundation Extensions";
			runOnlyForDeploymentPostprocessing = 0;
		};
		A20000082FCE0000000000A8 /* Embed Watch Content */ = {
			isa = PBXCopyFilesBuildPhase;
			buildActionMask = 2147483647;
			dstPath = "$(CONTENTS_FOLDER_PATH)/Watch";
			dstSubfolderSpec = 16;
			files = (
				A20000072FCE0000000000A7 /* GradelyWatch.app in Embed Watch Content */,
			);
			name = "Embed Watch Content";
			runOnlyForDeploymentPostprocessing = 0;
		};
		B50000042FCF000000000004 /* Embed App Extensions */ = {
			isa = PBXCopyFilesBuildPhase;
			buildActionMask = 2147483647;
			dstPath = "";
			dstSubfolderSpec = 13;
			files = (
				B50000012FCF000000000001 /* GradelyMacWidgets.appex in Embed App Extensions */,
			);
			name = "Embed App Extensions";
			runOnlyForDeploymentPostprocessing = 0;
		};
/* End PBXCopyFilesBuildPhase section */

/* Begin PBXFileReference section */
		23EA86CD939E4E779E620824 /* GradelyWidgets.appex */ = {isa = PBXFileReference; explicitFileType = "wrapper.app-extension"; includeInIndex = 0; path = GradelyWidgets.appex; sourceTree = BUILT_PRODUCTS_DIR; };
		8139974A30164A380078BE59 /* design-qa.md */ = {isa = PBXFileReference; lastKnownFileType = net.daringfireball.markdown; path = "design-qa.md"; sourceTree = "<group>"; };
		81EE6CA12FCDDC4A009D28DE /* Gradey.app */ = {isa = PBXFileReference; explicitFileType = wrapper.application; includeInIndex = 0; path = Gradey.app; sourceTree = BUILT_PRODUCTS_DIR; };
		81EE6CAE2FCDDC4B009D28DE /* GradelyTests.xctest */ = {isa = PBXFileReference; explicitFileType = wrapper.cfbundle; includeInIndex = 0; path = GradelyTests.xctest; sourceTree = BUILT_PRODUCTS_DIR; };
		81EE6CB82FCDDC4B009D28DE /* GradelyUITests.xctest */ = {isa = PBXFileReference; explicitFileType = wrapper.cfbundle; includeInIndex = 0; path = GradelyUITests.xctest; sourceTree = BUILT_PRODUCTS_DIR; };
		920000062FD0000000000006 /* Config/Shared.xcconfig */ = {isa = PBXFileReference; lastKnownFileType = text.xcconfig; path = Config/Shared.xcconfig; sourceTree = "<group>"; };
		A20000012FCE0000000000A1 /* GradelyWatch.xcodeproj */ = {isa = PBXFileReference; lastKnownFileType = "wrapper.pb-project"; name = GradelyWatch.xcodeproj; path = GradelyWatch/GradelyWatch.xcodeproj; sourceTree = "<group>"; };
		B40000052FCEF10000000005 /* Gradey.app */ = {isa = PBXFileReference; explicitFileType = wrapper.application; includeInIndex = 0; path = Gradey.app; sourceTree = BUILT_PRODUCTS_DIR; };
		B40000SK2FCEF10000000003 /* Config/Gradely.storekit */ = {isa = PBXFileReference; lastKnownFileType = text; path = Config/Gradely.storekit; sourceTree = "<group>"; };
		B50000022FCF000000000002 /* GradelyMacWidgets.appex */ = {isa = PBXFileReference; explicitFileType = "wrapper.app-extension"; includeInIndex = 0; path = GradelyMacWidgets.appex; sourceTree = BUILT_PRODUCTS_DIR; };
/* End PBXFileReference section */

/* Begin PBXFileSystemSynchronizedRootGroup section */
		2E470A758D5B4B02B64C39E1 /* GradelyShared */ = {
			isa = PBXFileSystemSynchronizedRootGroup;
			path = GradelyShared;
			sourceTree = "<group>";
		};
		81EE6CA32FCDDC4A009D28DE /* Gradely */ = {
			isa = PBXFileSystemSynchronizedRootGroup;
			path = Gradely;
			sourceTree = "<group>";
		};
		81EE6CB12FCDDC4B009D28DE /* GradelyTests */ = {
			isa = PBXFileSystemSynchronizedRootGroup;
			path = GradelyTests;
			sourceTree = "<group>";
		};
		81EE6CBB2FCDDC4B009D28DE /* GradelyUITests */ = {
			isa = PBXFileSystemSynchronizedRootGroup;
			path = GradelyUITests;
			sourceTree = "<group>";
		};
		B40000062FCEF10000000006 /* GradelyMac */ = {
			isa = PBXFileSystemSynchronizedRootGroup;
			path = GradelyMac;
			sourceTree = "<group>";
		};
		B50000052FCF000000000005 /* GradelyMacWidgets */ = {
			isa = PBXFileSystemSynchronizedRootGroup;
			path = GradelyMacWidgets;
			sourceTree = "<group>";
		};
		F8540C70F48A43EC9B9EA8A2 /* GradelyWidgets */ = {
			isa = PBXFileSystemSynchronizedRootGroup;
			path = GradelyWidgets;
			sourceTree = "<group>";
		};
/* End PBXFileSystemSynchronizedRootGroup section */

/* Begin PBXFrameworksBuildPhase section */
		37A6E66451C349508EA31149 /* Frameworks */ = {
			isa = PBXFrameworksBuildPhase;
			buildActionMask = 2147483647;
			files = (
			);
			runOnlyForDeploymentPostprocessing = 0;
		};
		81EE6C9E2FCDDC4A009D28DE /* Frameworks */ = {
			isa = PBXFrameworksBuildPhase;
			buildActionMask = 2147483647;
			files = (
				D20000202FD2000000000020 /* HugeiconsCore in Frameworks */,
				D20000212FD2000000000021 /* HugeiconsStrokeRounded in Frameworks */,
				A10000032FCE000000000003 /* GradelyWatchShared in Frameworks */,
				81EE6CCB2FCDDC4B009D28DE /* RevenueCat in Frameworks */,
				920000012FD0000000000001 /* Supabase in Frameworks */,
				F10000202FD1000000000020 /* FirebaseCore in Frameworks */,
				F10000212FD1000000000021 /* FirebaseAuth in Frameworks */,
				F10000222FD1000000000022 /* FirebaseFunctions in Frameworks */,
				F10000232FD1000000000023 /* FirebaseAppCheck in Frameworks */,
			);
			runOnlyForDeploymentPostprocessing = 0;
		};
		81EE6CAB2FCDDC4B009D28DE /* Frameworks */ = {
			isa = PBXFrameworksBuildPhase;
			buildActionMask = 2147483647;
			files = (
				A10000042FCE000000000004 /* GradelyWatchShared in Frameworks */,
			);
			runOnlyForDeploymentPostprocessing = 0;
		};
		81EE6CB52FCDDC4B009D28DE /* Frameworks */ = {
			isa = PBXFrameworksBuildPhase;
			buildActionMask = 2147483647;
			files = (
			);
			runOnlyForDeploymentPostprocessing = 0;
		};
		B40000072FCEF10000000007 /* Frameworks */ = {
			isa = PBXFrameworksBuildPhase;
			buildActionMask = 2147483647;
			files = (
				D20000222FD2000000000022 /* HugeiconsCore in Frameworks */,
				D20000232FD2000000000023 /* HugeiconsStrokeRounded in Frameworks */,
				920000032FD0000000000003 /* Supabase in Frameworks */,
				B40000RC2FCEF10000000001 /* RevenueCat in Frameworks */,
				F10000242FD1000000000024 /* FirebaseCore in Frameworks */,
				F10000252FD1000000000025 /* FirebaseAuth in Frameworks */,
				F10000262FD1000000000026 /* FirebaseFunctions in Frameworks */,
				F10000272FD1000000000027 /* FirebaseAppCheck in Frameworks */,
			);
			runOnlyForDeploymentPostprocessing = 0;
		};
		B50000062FCF000000000006 /* Frameworks */ = {
			isa = PBXFrameworksBuildPhase;
			buildActionMask = 2147483647;
			files = (
			);
			runOnlyForDeploymentPostprocessing = 0;
		};
/* End PBXFrameworksBuildPhase section */

/* Begin PBXGroup section */
		81EE6C982FCDDC4A009D28DE = {
			isa = PBXGroup;
			children = (
				81EE6CA32FCDDC4A009D28DE /* Gradely */,
				2E470A758D5B4B02B64C39E1 /* GradelyShared */,
				B40000062FCEF10000000006 /* GradelyMac */,
				B50000052FCF000000000005 /* GradelyMacWidgets */,
				F8540C70F48A43EC9B9EA8A2 /* GradelyWidgets */,
				81EE6CB12FCDDC4B009D28DE /* GradelyTests */,
				81EE6CBB2FCDDC4B009D28DE /* GradelyUITests */,
				A20000012FCE0000000000A1 /* GradelyWatch.xcodeproj */,
				920000062FD0000000000006 /* Config/Shared.xcconfig */,
				B40000SK2FCEF10000000003 /* Config/Gradely.storekit */,
				81EE6CA22FCDDC4A009D28DE /* Products */,
				8139974A30164A380078BE59 /* design-qa.md */,
			);
			sourceTree = "<group>";
		};
		81EE6CA22FCDDC4A009D28DE /* Products */ = {
			isa = PBXGroup;
			children = (
				81EE6CA12FCDDC4A009D28DE /* Gradey.app */,
				B40000052FCEF10000000005 /* Gradey.app */,
				23EA86CD939E4E779E620824 /* GradelyWidgets.appex */,
				B50000022FCF000000000002 /* GradelyMacWidgets.appex */,
				81EE6CAE2FCDDC4B009D28DE /* GradelyTests.xctest */,
				81EE6CB82FCDDC4B009D28DE /* GradelyUITests.xctest */,
			);
			name = Products;
			sourceTree = "<group>";
		};
		A20000022FCE0000000000A2 /* Products */ = {
			isa = PBXGroup;
			children = (
				A20000042FCE0000000000A4 /* GradelyWatch.app */,
			);
			name = Products;
			sourceTree = "<group>";
		};
/* End PBXGroup section */

/* Begin PBXNativeTarget section */
		3C92596932E94E9D8745B9E6 /* GradelyWidgets */ = {
			isa = PBXNativeTarget;
			buildConfigurationList = 88AF564662E647598A38D268 /* Build configuration list for PBXNativeTarget "GradelyWidgets" */;
			buildPhases = (
				7BA5A12D94014895BE12F1B3 /* Sources */,
				37A6E66451C349508EA31149 /* Frameworks */,
				AA2C35F4628043609E303584 /* Resources */,
			);
			buildRules = (
			);
			dependencies = (
			);
			fileSystemSynchronizedGroups = (
				2E470A758D5B4B02B64C39E1 /* GradelyShared */,
				F8540C70F48A43EC9B9EA8A2 /* GradelyWidgets */,
			);
			name = GradelyWidgets;
			packageProductDependencies = (
			);
			productName = GradelyWidgets;
			productReference = 23EA86CD939E4E779E620824 /* GradelyWidgets.appex */;
			productType = "com.apple.product-type.app-extension";
		};
		81EE6CA02FCDDC4A009D28DE /* Gradely */ = {
			isa = PBXNativeTarget;
			buildConfigurationList = 81EE6CC22FCDDC4B009D28DE /* Build configuration list for PBXNativeTarget "Gradely" */;
			buildPhases = (
				81EE6C9D2FCDDC4A009D28DE /* Sources */,
				81EE6C9E2FCDDC4A009D28DE /* Frameworks */,
				81EE6C9F2FCDDC4A009D28DE /* Resources */,
				28E3FBE556724CC49EE2E04A /* Embed Foundation Extensions */,
				A20000082FCE0000000000A8 /* Embed Watch Content */,
			);
			buildRules = (
			);
			dependencies = (
				82B61A8324CB45848EA5AC14 /* PBXTargetDependency */,
				A20000062FCE0000000000A6 /* PBXTargetDependency */,
			);
			fileSystemSynchronizedGroups = (
				2E470A758D5B4B02B64C39E1 /* GradelyShared */,
				81EE6CA32FCDDC4A009D28DE /* Gradely */,
			);
			name = Gradely;
			packageProductDependencies = (
				D20000102FD2000000000010 /* HugeiconsCore */,
				D20000112FD2000000000011 /* HugeiconsStrokeRounded */,
				A10000022FCE000000000002 /* GradelyWatchShared */,
				81EE6CCC2FCDDC4B009D28DE /* RevenueCat */,
				920000022FD0000000000002 /* Supabase */,
				F10000102FD1000000000010 /* FirebaseCore */,
				F10000112FD1000000000011 /* FirebaseAuth */,
				F10000122FD1000000000012 /* FirebaseFunctions */,
				F10000132FD1000000000013 /* FirebaseAppCheck */,
			);
			productName = Gradey;
			productReference = 81EE6CA12FCDDC4A009D28DE /* Gradey.app */;
			productType = "com.apple.product-type.application";
		};
		81EE6CAD2FCDDC4B009D28DE /* GradelyTests */ = {
			isa = PBXNativeTarget;
			buildConfigurationList = 81EE6CC52FCDDC4B009D28DE /* Build configuration list for PBXNativeTarget "GradelyTests" */;
			buildPhases = (
				81EE6CAA2FCDDC4B009D28DE /* Sources */,
				81EE6CAB2FCDDC4B009D28DE /* Frameworks */,
				81EE6CAC2FCDDC4B009D28DE /* Resources */,
			);
			buildRules = (
			);
			dependencies = (
				81EE6CB02FCDDC4B009D28DE /* PBXTargetDependency */,
			);
			fileSystemSynchronizedGroups = (
				81EE6CB12FCDDC4B009D28DE /* GradelyTests */,
			);
			name = GradelyTests;
			packageProductDependencies = (
				A10000052FCE000000000005 /* GradelyWatchShared */,
			);
			productName = GradelyTests;
			productReference = 81EE6CAE2FCDDC4B009D28DE /* GradelyTests.xctest */;
			productType = "com.apple.product-type.bundle.unit-test";
		};
		81EE6CB72FCDDC4B009D28DE /* GradelyUITests */ = {
			isa = PBXNativeTarget;
			buildConfigurationList = 81EE6CC82FCDDC4B009D28DE /* Build configuration list for PBXNativeTarget "GradelyUITests" */;
			buildPhases = (
				81EE6CB42FCDDC4B009D28DE /* Sources */,
				81EE6CB52FCDDC4B009D28DE /* Frameworks */,
				81EE6CB62FCDDC4B009D28DE /* Resources */,
			);
			buildRules = (
			);
			dependencies = (
				81EE6CBA2FCDDC4B009D28DE /* PBXTargetDependency */,
			);
			fileSystemSynchronizedGroups = (
				81EE6CBB2FCDDC4B009D28DE /* GradelyUITests */,
			);
			name = GradelyUITests;
			packageProductDependencies = (
			);
			productName = GradelyUITests;
			productReference = 81EE6CB82FCDDC4B009D28DE /* GradelyUITests.xctest */;
			productType = "com.apple.product-type.bundle.ui-testing";
		};
		B400000A2FCEF1000000000A /* GradelyMac */ = {
			isa = PBXNativeTarget;
			buildConfigurationList = B400000D2FCEF1000000000D /* Build configuration list for PBXNativeTarget "GradelyMac" */;
			buildPhases = (
				B40000082FCEF10000000008 /* Sources */,
				B40000072FCEF10000000007 /* Frameworks */,
				B40000092FCEF10000000009 /* Resources */,
				B50000042FCF000000000004 /* Embed App Extensions */,
			);
			buildRules = (
			);
			dependencies = (
				B500000B2FCF00000000000B /* PBXTargetDependency */,
			);
			fileSystemSynchronizedGroups = (
				2E470A758D5B4B02B64C39E1 /* GradelyShared */,
				81EE6CA32FCDDC4A009D28DE /* Gradely */,
			);
			name = GradelyMac;
			packageProductDependencies = (
				D20000122FD2000000000012 /* HugeiconsCore */,
				D20000132FD2000000000013 /* HugeiconsStrokeRounded */,
				B40000RC2FCEF10000000002 /* RevenueCat */,
				920000042FD0000000000004 /* Supabase */,
				F10000142FD1000000000014 /* FirebaseCore */,
				F10000152FD1000000000015 /* FirebaseAuth */,
				F10000162FD1000000000016 /* FirebaseFunctions */,
				F10000172FD1000000000017 /* FirebaseAppCheck */,
			);
			productName = Gradey;
			productReference = B40000052FCEF10000000005 /* Gradey.app */;
			productType = "com.apple.product-type.application";
		};
		B500000A2FCF00000000000A /* GradelyMacWidgets */ = {
			isa = PBXNativeTarget;
			buildConfigurationList = B500000D2FCF00000000000D /* Build configuration list for PBXNativeTarget "GradelyMacWidgets" */;
			buildPhases = (
				B50000082FCF000000000008 /* Sources */,
				B50000062FCF000000000006 /* Frameworks */,
				B50000092FCF000000000009 /* Resources */,
			);
			buildRules = (
			);
			dependencies = (
			);
			fileSystemSynchronizedGroups = (
				2E470A758D5B4B02B64C39E1 /* GradelyShared */,
				F8540C70F48A43EC9B9EA8A2 /* GradelyWidgets */,
			);
			name = GradelyMacWidgets;
			packageProductDependencies = (
			);
			productName = GradelyMacWidgets;
			productReference = B50000022FCF000000000002 /* GradelyMacWidgets.appex */;
			productType = "com.apple.product-type.app-extension";
		};
/* End PBXNativeTarget section */

/* Begin PBXProject section */
		81EE6C992FCDDC4A009D28DE /* Project object */ = {
			isa = PBXProject;
			attributes = {
				BuildIndependentTargetsInParallel = 1;
				LastSwiftUpdateCheck = 2650;
				LastUpgradeCheck = 2650;
				TargetAttributes = {
					3C92596932E94E9D8745B9E6 = {
						CreatedOnToolsVersion = 26.5;
						SystemCapabilities = {
							com.apple.ApplicationGroups.iOS = {
								enabled = 1;
							};
						};
					};
					81EE6CA02FCDDC4A009D28DE = {
						CreatedOnToolsVersion = 26.5;
						SystemCapabilities = {
							com.apple.ApplicationGroups.iOS = {
								enabled = 1;
							};
							com.apple.InAppPurchase = {
								enabled = 1;
							};
							com.apple.Push = {
								enabled = 1;
							};
							com.apple.SignInWithApple = {
								enabled = 1;
							};
						};
					};
					81EE6CAD2FCDDC4B009D28DE = {
						CreatedOnToolsVersion = 26.5;
						TestTargetID = 81EE6CA02FCDDC4A009D28DE;
					};
					81EE6CB72FCDDC4B009D28DE = {
						CreatedOnToolsVersion = 26.5;
						TestTargetID = 81EE6CA02FCDDC4A009D28DE;
					};
					B400000A2FCEF1000000000A = {
						CreatedOnToolsVersion = 26.5;
						SystemCapabilities = {
							com.apple.Push = {
								enabled = 1;
							};
							com.apple.SignInWithApple = {
								enabled = 1;
							};
						};
					};
					B500000A2FCF00000000000A = {
						CreatedOnToolsVersion = 26.5;
					};
				};
			};
			buildConfigurationList = 81EE6C9C2FCDDC4A009D28DE /* Build configuration list for PBXProject "Gradely" */;
			developmentRegion = en;
			hasScannedForEncodings = 0;
			knownRegions = (
				en,
				cs,
				"en-CO",
				"cs-US",
				Base,
			);
			mainGroup = 81EE6C982FCDDC4A009D28DE;
			minimizedProjectReferenceProxies = 1;
			packageReferences = (
				D20000012FD2000000000001 /* XCLocalSwiftPackageReference "LocalPackages/hugeicons-swift" */,
				A10000012FCE000000000001 /* XCLocalSwiftPackageReference "GradelyWatchShared" */,
				81EE6CCD2FCDDC4B009D28DE /* XCRemoteSwiftPackageReference "purchases-ios-spm" */,
				920000052FD0000000000005 /* XCRemoteSwiftPackageReference "supabase-swift" */,
				F10000012FD1000000000001 /* XCRemoteSwiftPackageReference "firebase-ios-sdk" */,
			);
			preferredProjectObjectVersion = 77;
			productRefGroup = 81EE6CA22FCDDC4A009D28DE /* Products */;
			projectDirPath = "";
			projectReferences = (
				{
					ProductGroup = A20000022FCE0000000000A2 /* Products */;
					ProjectRef = A20000012FCE0000000000A1 /* GradelyWatch.xcodeproj */;
				},
			);
			projectRoot = "";
			targets = (
				81EE6CA02FCDDC4A009D28DE /* Gradely */,
				B400000A2FCEF1000000000A /* GradelyMac */,
				B500000A2FCF00000000000A /* GradelyMacWidgets */,
				3C92596932E94E9D8745B9E6 /* GradelyWidgets */,
				81EE6CAD2FCDDC4B009D28DE /* GradelyTests */,
				81EE6CB72FCDDC4B009D28DE /* GradelyUITests */,
			);
		};
/* End PBXProject section */

/* Begin PBXReferenceProxy section */
		A20000042FCE0000000000A4 /* GradelyWatch.app */ = {
			isa = PBXReferenceProxy;
			fileType = wrapper.application;
			path = GradelyWatch.app;
			remoteRef = A20000032FCE0000000000A3 /* PBXContainerItemProxy */;
			sourceTree = BUILT_PRODUCTS_DIR;
		};
/* End PBXReferenceProxy section */

/* Begin PBXResourcesBuildPhase section */
		81EE6C9F2FCDDC4A009D28DE /* Resources */ = {
			isa = PBXResourcesBuildPhase;
			buildActionMask = 2147483647;
			files = (
			);
			runOnlyForDeploymentPostprocessing = 0;
		};
		81EE6CAC2FCDDC4B009D28DE /* Resources */ = {
			isa = PBXResourcesBuildPhase;
			buildActionMask = 2147483647;
			files = (
			);
			runOnlyForDeploymentPostprocessing = 0;
		};
		81EE6CB62FCDDC4B009D28DE /* Resources */ = {
			isa = PBXResourcesBuildPhase;
			buildActionMask = 2147483647;
			files = (
			);
			runOnlyForDeploymentPostprocessing = 0;
		};
		AA2C35F4628043609E303584 /* Resources */ = {
			isa = PBXResourcesBuildPhase;
			buildActionMask = 2147483647;
			files = (
			);
			runOnlyForDeploymentPostprocessing = 0;
		};
		B40000092FCEF10000000009 /* Resources */ = {
			isa = PBXResourcesBuildPhase;
			buildActionMask = 2147483647;
			files = (
			);
			runOnlyForDeploymentPostprocessing = 0;
		};
		B50000092FCF000000000009 /* Resources */ = {
			isa = PBXResourcesBuildPhase;
			buildActionMask = 2147483647;
			files = (
			);
			runOnlyForDeploymentPostprocessing = 0;
		};
/* End PBXResourcesBuildPhase section */

/* Begin PBXSourcesBuildPhase section */
		7BA5A12D94014895BE12F1B3 /* Sources */ = {
			isa = PBXSourcesBuildPhase;
			buildActionMask = 2147483647;
			files = (
			);
			runOnlyForDeploymentPostprocessing = 0;
		};
		81EE6C9D2FCDDC4A009D28DE /* Sources */ = {
			isa = PBXSourcesBuildPhase;
			buildActionMask = 2147483647;
			files = (
			);
			runOnlyForDeploymentPostprocessing = 0;
		};
		81EE6CAA2FCDDC4B009D28DE /* Sources */ = {
			isa = PBXSourcesBuildPhase;
			buildActionMask = 2147483647;
			files = (
			);
			runOnlyForDeploymentPostprocessing = 0;
		};
		81EE6CB42FCDDC4B009D28DE /* Sources */ = {
			isa = PBXSourcesBuildPhase;
			buildActionMask = 2147483647;
			files = (
			);
			runOnlyForDeploymentPostprocessing = 0;
		};
		B40000082FCEF10000000008 /* Sources */ = {
			isa = PBXSourcesBuildPhase;
			buildActionMask = 2147483647;
			files = (
			);
			runOnlyForDeploymentPostprocessing = 0;
		};
		B50000082FCF000000000008 /* Sources */ = {
			isa = PBXSourcesBuildPhase;
			buildActionMask = 2147483647;
			files = (
			);
			runOnlyForDeploymentPostprocessing = 0;
		};
/* End PBXSourcesBuildPhase section */

/* Begin PBXTargetDependency section */
		81EE6CB02FCDDC4B009D28DE /* PBXTargetDependency */ = {
			isa = PBXTargetDependency;
			target = 81EE6CA02FCDDC4A009D28DE /* Gradely */;
			targetProxy = 81EE6CAF2FCDDC4B009D28DE /* PBXContainerItemProxy */;
		};
		81EE6CBA2FCDDC4B009D28DE /* PBXTargetDependency */ = {
			isa = PBXTargetDependency;
			target = 81EE6CA02FCDDC4A009D28DE /* Gradely */;
			targetProxy = 81EE6CB92FCDDC4B009D28DE /* PBXContainerItemProxy */;
		};
		82B61A8324CB45848EA5AC14 /* PBXTargetDependency */ = {
			isa = PBXTargetDependency;
			target = 3C92596932E94E9D8745B9E6 /* GradelyWidgets */;
			targetProxy = D734A237614240099FDAEE21 /* PBXContainerItemProxy */;
		};
		A20000062FCE0000000000A6 /* PBXTargetDependency */ = {
			isa = PBXTargetDependency;
			name = GradelyWatch;
			targetProxy = A20000052FCE0000000000A5 /* PBXContainerItemProxy */;
		};
		B500000B2FCF00000000000B /* PBXTargetDependency */ = {
			isa = PBXTargetDependency;
			target = B500000A2FCF00000000000A /* GradelyMacWidgets */;
			targetProxy = B50000032FCF000000000003 /* PBXContainerItemProxy */;
		};
/* End PBXTargetDependency section */

/* Begin XCBuildConfiguration section */
		2D79EEE0741D465FB1A1FB5D /* Debug */ = {
			isa = XCBuildConfiguration;
			buildSettings = {
				APPLICATION_EXTENSION_API_ONLY = YES;
				CODE_SIGN_ENTITLEMENTS = GradelyWidgets/GradelyWidgets.entitlements;
				CODE_SIGN_STYLE = Automatic;
				CURRENT_PROJECT_VERSION = 30;
				DEVELOPMENT_TEAM = C2U9S337H8;
				ENABLE_PREVIEWS = YES;
				INFOPLIST_FILE = "GradelyWidgets-Info.plist";
				IPHONEOS_DEPLOYMENT_TARGET = 26.0;
				LD_RUNPATH_SEARCH_PATHS = (
					"$(inherited)",
					"@executable_path/Frameworks",
					"@executable_path/../../Frameworks",
				);
				MARKETING_VERSION = 2.0;
				PRODUCT_BUNDLE_IDENTIFIER = com.bukovinafilip.BakalariMarks.GradelyWidgets;
				PRODUCT_MODULE_NAME = GradelyWidgets;
				PRODUCT_NAME = GradelyWidgets;
				SKIP_INSTALL = YES;
				STRING_CATALOG_GENERATE_SYMBOLS = NO;
				SUPPORTED_PLATFORMS = "iphoneos iphonesimulator";
				SUPPORTS_MACCATALYST = NO;
				SUPPORTS_MAC_DESIGNED_FOR_IPHONE_IPAD = NO;
				SUPPORTS_XR_DESIGNED_FOR_IPHONE_IPAD = NO;
				SWIFT_APPROACHABLE_CONCURRENCY = YES;
				SWIFT_EMIT_LOC_STRINGS = YES;
				SWIFT_UPCOMING_FEATURE_MEMBER_IMPORT_VISIBILITY = YES;
				SWIFT_VERSION = 5.0;
				TARGETED_DEVICE_FAMILY = 1;
			};
			name = Debug;
		};
		81EE6CC02FCDDC4B009D28DE /* Debug */ = {
			isa = XCBuildConfiguration;
			buildSettings = {
				ALWAYS_SEARCH_USER_PATHS = NO;
				ASSETCATALOG_COMPILER_GENERATE_SWIFT_ASSET_SYMBOL_EXTENSIONS = YES;
				CLANG_ANALYZER_NONNULL = YES;
				CLANG_ANALYZER_NUMBER_OBJECT_CONVERSION = YES_AGGRESSIVE;
				CLANG_CXX_LANGUAGE_STANDARD = "gnu++20";
				CLANG_ENABLE_MODULES = YES;
				CLANG_ENABLE_OBJC_ARC = YES;
				CLANG_ENABLE_OBJC_WEAK = YES;
				CLANG_WARN_BLOCK_CAPTURE_AUTORELEASING = YES;
				CLANG_WARN_BOOL_CONVERSION = YES;
				CLANG_WARN_COMMA = YES;
				CLANG_WARN_CONSTANT_CONVERSION = YES;
				CLANG_WARN_DEPRECATED_OBJC_IMPLEMENTATIONS = YES;
				CLANG_WARN_DIRECT_OBJC_ISA_USAGE = YES_ERROR;
				CLANG_WARN_DOCUMENTATION_COMMENTS = YES;
				CLANG_WARN_EMPTY_BODY = YES;
				CLANG_WARN_ENUM_CONVERSION = YES;
				CLANG_WARN_INFINITE_RECURSION = YES;
				CLANG_WARN_INT_CONVERSION = YES;
				CLANG_WARN_NON_LITERAL_NULL_CONVERSION = YES;
				CLANG_WARN_OBJC_IMPLICIT_RETAIN_SELF = YES;
				CLANG_WARN_OBJC_LITERAL_CONVERSION = YES;
				CLANG_WARN_OBJC_ROOT_CLASS = YES_ERROR;
				CLANG_WARN_QUOTED_INCLUDE_IN_FRAMEWORK_HEADER = YES;
				CLANG_WARN_RANGE_LOOP_ANALYSIS = YES;
				CLANG_WARN_STRICT_PROTOTYPES = YES;
				CLANG_WARN_SUSPICIOUS_MOVE = YES;
				CLANG_WARN_UNGUARDED_AVAILABILITY = YES_AGGRESSIVE;
				CLANG_WARN_UNREACHABLE_CODE = YES;
				CLANG_WARN__DUPLICATE_METHOD_MATCH = YES;
				COPY_PHASE_STRIP = NO;
				DEBUG_INFORMATION_FORMAT = dwarf;
				DEVELOPMENT_TEAM = C2U9S337H8;
				ENABLE_STRICT_OBJC_MSGSEND = YES;
				ENABLE_TESTABILITY = YES;
				ENABLE_USER_SCRIPT_SANDBOXING = YES;
				GCC_C_LANGUAGE_STANDARD = gnu17;
				GCC_DYNAMIC_NO_PIC = NO;
				GCC_NO_COMMON_BLOCKS = YES;
				GCC_OPTIMIZATION_LEVEL = 0;
				GCC_PREPROCESSOR_DEFINITIONS = (
					"DEBUG=1",
					"$(inherited)",
				);
				GCC_WARN_64_TO_32_BIT_CONVERSION = YES;
				GCC_WARN_ABOUT_RETURN_TYPE = YES_ERROR;
				GCC_WARN_UNDECLARED_SELECTOR = YES;
				GCC_WARN_UNINITIALIZED_AUTOS = YES_AGGRESSIVE;
				GCC_WARN_UNUSED_FUNCTION = YES;
				GCC_WARN_UNUSED_VARIABLE = YES;
				IPHONEOS_DEPLOYMENT_TARGET = 26.5;
				LOCALIZATION_PREFERS_STRING_CATALOGS = YES;
				MTL_ENABLE_DEBUG_INFO = INCLUDE_SOURCE;
				MTL_FAST_MATH = YES;
				ONLY_ACTIVE_ARCH = YES;
				SDKROOT = iphoneos;
				SWIFT_ACTIVE_COMPILATION_CONDITIONS = "DEBUG $(inherited)";
				SWIFT_OPTIMIZATION_LEVEL = "-Onone";
			};
			name = Debug;
		};
		81EE6CC12FCDDC4B009D28DE /* Release */ = {
			isa = XCBuildConfiguration;
			buildSettings = {
				ALWAYS_SEARCH_USER_PATHS = NO;
				ASSETCATALOG_COMPILER_GENERATE_SWIFT_ASSET_SYMBOL_EXTENSIONS = YES;
				CLANG_ANALYZER_NONNULL = YES;
				CLANG_ANALYZER_NUMBER_OBJECT_CONVERSION = YES_AGGRESSIVE;
				CLANG_CXX_LANGUAGE_STANDARD = "gnu++20";
				CLANG_ENABLE_MODULES = YES;
				CLANG_ENABLE_OBJC_ARC = YES;
				CLANG_ENABLE_OBJC_WEAK = YES;
				CLANG_WARN_BLOCK_CAPTURE_AUTORELEASING = YES;
				CLANG_WARN_BOOL_CONVERSION = YES;
				CLANG_WARN_COMMA = YES;
				CLANG_WARN_CONSTANT_CONVERSION = YES;
				CLANG_WARN_DEPRECATED_OBJC_IMPLEMENTATIONS = YES;
				CLANG_WARN_DIRECT_OBJC_ISA_USAGE = YES_ERROR;
				CLANG_WARN_DOCUMENTATION_COMMENTS = YES;
				CLANG_WARN_EMPTY_BODY = YES;
				CLANG_WARN_ENUM_CONVERSION = YES;
				CLANG_WARN_INFINITE_RECURSION = YES;
				CLANG_WARN_INT_CONVERSION = YES;
				CLANG_WARN_NON_LITERAL_NULL_CONVERSION = YES;
				CLANG_WARN_OBJC_IMPLICIT_RETAIN_SELF = YES;
				CLANG_WARN_OBJC_LITERAL_CONVERSION = YES;
				CLANG_WARN_OBJC_ROOT_CLASS = YES_ERROR;
				CLANG_WARN_QUOTED_INCLUDE_IN_FRAMEWORK_HEADER = YES;
				CLANG_WARN_RANGE_LOOP_ANALYSIS = YES;
				CLANG_WARN_STRICT_PROTOTYPES = YES;
				CLANG_WARN_SUSPICIOUS_MOVE = YES;
				CLANG_WARN_UNGUARDED_AVAILABILITY = YES_AGGRESSIVE;
				CLANG_WARN_UNREACHABLE_CODE = YES;
				CLANG_WARN__DUPLICATE_METHOD_MATCH = YES;
				COPY_PHASE_STRIP = NO;
				DEBUG_INFORMATION_FORMAT = "dwarf-with-dsym";
				DEVELOPMENT_TEAM = C2U9S337H8;
				ENABLE_NS_ASSERTIONS = NO;
				ENABLE_STRICT_OBJC_MSGSEND = YES;
				ENABLE_USER_SCRIPT_SANDBOXING = YES;
				GCC_C_LANGUAGE_STANDARD = gnu17;
				GCC_NO_COMMON_BLOCKS = YES;
				GCC_WARN_64_TO_32_BIT_CONVERSION = YES;
				GCC_WARN_ABOUT_RETURN_TYPE = YES_ERROR;
				GCC_WARN_UNDECLARED_SELECTOR = YES;
				GCC_WARN_UNINITIALIZED_AUTOS = YES_AGGRESSIVE;
				GCC_WARN_UNUSED_FUNCTION = YES;
				GCC_WARN_UNUSED_VARIABLE = YES;
				IPHONEOS_DEPLOYMENT_TARGET = 26.5;
				LOCALIZATION_PREFERS_STRING_CATALOGS = YES;
				MTL_ENABLE_DEBUG_INFO = NO;
				MTL_FAST_MATH = YES;
				SDKROOT = iphoneos;
				SWIFT_COMPILATION_MODE = wholemodule;
				VALIDATE_PRODUCT = YES;
			};
			name = Release;
		};
		81EE6CC32FCDDC4B009D28DE /* Debug */ = {
			isa = XCBuildConfiguration;
			baseConfigurationReference = 920000062FD0000000000006 /* Config/Shared.xcconfig */;
			buildSettings = {
				APP_ATTEST_ENVIRONMENT = development;
				ASSETCATALOG_COMPILER_APPICON_NAME = AppIcon;
				ASSETCATALOG_COMPILER_GLOBAL_ACCENT_COLOR_NAME = AccentColor;
				CODE_SIGN_ENTITLEMENTS = Gradely/Gradely.entitlements;
				CODE_SIGN_STYLE = Automatic;
				CURRENT_PROJECT_VERSION = 30;
				DEVELOPMENT_TEAM = C2U9S337H8;
				ENABLE_PREVIEWS = YES;
				GENERATE_INFOPLIST_FILE = NO;
				INFOPLIST_FILE = "Gradely-Info.plist";
				INFOPLIST_KEY_CFBundleDisplayName = Gradey;
				INFOPLIST_KEY_LSApplicationCategoryType = "public.app-category.education";
				IPHONEOS_DEPLOYMENT_TARGET = 26.0;
				LD_RUNPATH_SEARCH_PATHS = (
					"$(inherited)",
					"@executable_path/Frameworks",
				);
				MARKETING_VERSION = 2.0;
				PRODUCT_BUNDLE_IDENTIFIER = com.bukovinafilip.BakalariMarks;
				PRODUCT_MODULE_NAME = Gradely;
				PRODUCT_NAME = Gradey;
				REGISTER_APP_GROUPS = YES;
				STRING_CATALOG_GENERATE_SYMBOLS = YES;
				SUPPORTED_PLATFORMS = "iphoneos iphonesimulator";
				SUPPORTS_MACCATALYST = NO;
				SUPPORTS_MAC_DESIGNED_FOR_IPHONE_IPAD = NO;
				SUPPORTS_XR_DESIGNED_FOR_IPHONE_IPAD = NO;
				SWIFT_APPROACHABLE_CONCURRENCY = YES;
				SWIFT_DEFAULT_ACTOR_ISOLATION = MainActor;
				SWIFT_EMIT_LOC_STRINGS = YES;
				SWIFT_UPCOMING_FEATURE_MEMBER_IMPORT_VISIBILITY = YES;
				SWIFT_VERSION = 5.0;
				TARGETED_DEVICE_FAMILY = "1,2";
			};
			name = Debug;
		};
		81EE6CC42FCDDC4B009D28DE /* Release */ = {
			isa = XCBuildConfiguration;
			baseConfigurationReference = 920000062FD0000000000006 /* Config/Shared.xcconfig */;
			buildSettings = {
				APP_ATTEST_ENVIRONMENT = production;
				ASSETCATALOG_COMPILER_APPICON_NAME = AppIcon;
				ASSETCATALOG_COMPILER_GLOBAL_ACCENT_COLOR_NAME = AccentColor;
				CODE_SIGN_ENTITLEMENTS = Gradely/Gradely.entitlements;
				CODE_SIGN_STYLE = Automatic;
				CURRENT_PROJECT_VERSION = 30;
				DEVELOPMENT_TEAM = C2U9S337H8;
				ENABLE_PREVIEWS = YES;
				GENERATE_INFOPLIST_FILE = NO;
				INFOPLIST_FILE = "Gradely-Info.plist";
				INFOPLIST_KEY_CFBundleDisplayName = Gradey;
				INFOPLIST_KEY_LSApplicationCategoryType = "public.app-category.education";
				IPHONEOS_DEPLOYMENT_TARGET = 26.0;
				LD_RUNPATH_SEARCH_PATHS = (
					"$(inherited)",
					"@executable_path/Frameworks",
				);
				MARKETING_VERSION = 2.0;
				PRODUCT_BUNDLE_IDENTIFIER = com.bukovinafilip.BakalariMarks;
				PRODUCT_MODULE_NAME = Gradely;
				PRODUCT_NAME = Gradey;
				STRING_CATALOG_GENERATE_SYMBOLS = YES;
				SUPPORTED_PLATFORMS = "iphoneos iphonesimulator";
				SUPPORTS_MACCATALYST = NO;
				SUPPORTS_MAC_DESIGNED_FOR_IPHONE_IPAD = NO;
				SUPPORTS_XR_DESIGNED_FOR_IPHONE_IPAD = NO;
				SWIFT_APPROACHABLE_CONCURRENCY = YES;
				SWIFT_DEFAULT_ACTOR_ISOLATION = MainActor;
				SWIFT_EMIT_LOC_STRINGS = YES;
				SWIFT_UPCOMING_FEATURE_MEMBER_IMPORT_VISIBILITY = YES;
				SWIFT_VERSION = 5.0;
				TARGETED_DEVICE_FAMILY = "1,2";
			};
			name = Release;
		};
		81EE6CC62FCDDC4B009D28DE /* Debug */ = {
			isa = XCBuildConfiguration;
			buildSettings = {
				BUNDLE_LOADER = "$(TEST_HOST)";
				CODE_SIGN_STYLE = Automatic;
				CURRENT_PROJECT_VERSION = 1;
				DEVELOPMENT_TEAM = C2U9S337H8;
				GENERATE_INFOPLIST_FILE = YES;
				IPHONEOS_DEPLOYMENT_TARGET = 26.5;
				MARKETING_VERSION = 1.0;
				PRODUCT_BUNDLE_IDENTIFIER = com.bukovinafilip.GradelyTests;
				PRODUCT_NAME = "$(TARGET_NAME)";
				STRING_CATALOG_GENERATE_SYMBOLS = NO;
				SWIFT_APPROACHABLE_CONCURRENCY = YES;
				SWIFT_EMIT_LOC_STRINGS = NO;
				SWIFT_UPCOMING_FEATURE_MEMBER_IMPORT_VISIBILITY = YES;
				SWIFT_VERSION = 5.0;
				TARGETED_DEVICE_FAMILY = "1,2";
				TEST_HOST = "$(BUILT_PRODUCTS_DIR)/Gradey.app/$(BUNDLE_EXECUTABLE_FOLDER_PATH)/Gradey";
			};
			name = Debug;
		};
		81EE6CC72FCDDC4B009D28DE /* Release */ = {
			isa = XCBuildConfiguration;
			buildSettings = {
				BUNDLE_LOADER = "$(TEST_HOST)";
				CODE_SIGN_STYLE = Automatic;
				CURRENT_PROJECT_VERSION = 1;
				DEVELOPMENT_TEAM = C2U9S337H8;
				GENERATE_INFOPLIST_FILE = YES;
				IPHONEOS_DEPLOYMENT_TARGET = 26.5;
				MARKETING_VERSION = 1.0;
				PRODUCT_BUNDLE_IDENTIFIER = com.bukovinafilip.GradelyTests;
				PRODUCT_NAME = "$(TARGET_NAME)";
				STRING_CATALOG_GENERATE_SYMBOLS = NO;
				SWIFT_APPROACHABLE_CONCURRENCY = YES;
				SWIFT_EMIT_LOC_STRINGS = NO;
				SWIFT_UPCOMING_FEATURE_MEMBER_IMPORT_VISIBILITY = YES;
				SWIFT_VERSION = 5.0;
				TARGETED_DEVICE_FAMILY = "1,2";
				TEST_HOST = "$(BUILT_PRODUCTS_DIR)/Gradey.app/$(BUNDLE_EXECUTABLE_FOLDER_PATH)/Gradey";
			};
			name = Release;
		};
		81EE6CC92FCDDC4B009D28DE /* Debug */ = {
			isa = XCBuildConfiguration;
			buildSettings = {
				CODE_SIGN_STYLE = Automatic;
				CURRENT_PROJECT_VERSION = 1;
				DEVELOPMENT_TEAM = C2U9S337H8;
				GENERATE_INFOPLIST_FILE = YES;
				MARKETING_VERSION = 1.0;
				PRODUCT_BUNDLE_IDENTIFIER = com.bukovinafilip.GradelyUITests;
				PRODUCT_NAME = "$(TARGET_NAME)";
				STRING_CATALOG_GENERATE_SYMBOLS = NO;
				SWIFT_APPROACHABLE_CONCURRENCY = YES;
				SWIFT_EMIT_LOC_STRINGS = NO;
				SWIFT_UPCOMING_FEATURE_MEMBER_IMPORT_VISIBILITY = YES;
				SWIFT_VERSION = 5.0;
				TARGETED_DEVICE_FAMILY = "1,2";
				TEST_TARGET_NAME = Gradely;
			};
			name = Debug;
		};
		81EE6CCA2FCDDC4B009D28DE /* Release */ = {
			isa = XCBuildConfiguration;
			buildSettings = {
				CODE_SIGN_STYLE = Automatic;
				CURRENT_PROJECT_VERSION = 1;
				DEVELOPMENT_TEAM = C2U9S337H8;
				GENERATE_INFOPLIST_FILE = YES;
				MARKETING_VERSION = 1.0;
				PRODUCT_BUNDLE_IDENTIFIER = com.bukovinafilip.GradelyUITests;
				PRODUCT_NAME = "$(TARGET_NAME)";
				STRING_CATALOG_GENERATE_SYMBOLS = NO;
				SWIFT_APPROACHABLE_CONCURRENCY = YES;
				SWIFT_EMIT_LOC_STRINGS = NO;
				SWIFT_UPCOMING_FEATURE_MEMBER_IMPORT_VISIBILITY = YES;
				SWIFT_VERSION = 5.0;
				TARGETED_DEVICE_FAMILY = "1,2";
				TEST_TARGET_NAME = Gradely;
			};
			name = Release;
		};
		B400000B2FCEF1000000000B /* Debug */ = {
			isa = XCBuildConfiguration;
			baseConfigurationReference = 920000062FD0000000000006 /* Config/Shared.xcconfig */;
			buildSettings = {
				APP_ATTEST_ENVIRONMENT = development;
				ASSETCATALOG_COMPILER_APPICON_NAME = AppIcon;
				ASSETCATALOG_COMPILER_GLOBAL_ACCENT_COLOR_NAME = AccentColor;
				CODE_SIGN_ENTITLEMENTS = GradelyMac/GradelyMac.entitlements;
				CODE_SIGN_STYLE = Automatic;
				CURRENT_PROJECT_VERSION = 30;
				DEVELOPMENT_TEAM = C2U9S337H8;
				ENABLE_HARDENED_RUNTIME = YES;
				ENABLE_PREVIEWS = YES;
				GENERATE_INFOPLIST_FILE = NO;
				INFOPLIST_FILE = "GradelyMac/GradelyMac-Info.plist";
				INFOPLIST_KEY_CFBundleDisplayName = Gradey;
				INFOPLIST_KEY_LSApplicationCategoryType = "public.app-category.education";
				LD_RUNPATH_SEARCH_PATHS = (
					"$(inherited)",
					"@executable_path/../Frameworks",
				);
				MACOSX_DEPLOYMENT_TARGET = 26.0;
				MARKETING_VERSION = 2.0;
				PRODUCT_BUNDLE_IDENTIFIER = com.bukovinafilip.BakalariMarks;
				PRODUCT_MODULE_NAME = Gradely;
				PRODUCT_NAME = Gradey;
				SDKROOT = macosx;
				STRING_CATALOG_GENERATE_SYMBOLS = YES;
				SUPPORTED_PLATFORMS = macosx;
				SUPPORTS_MACCATALYST = NO;
				SUPPORTS_MAC_DESIGNED_FOR_IPHONE_IPAD = NO;
				SWIFT_APPROACHABLE_CONCURRENCY = YES;
				SWIFT_DEFAULT_ACTOR_ISOLATION = MainActor;
				SWIFT_EMIT_LOC_STRINGS = YES;
				SWIFT_UPCOMING_FEATURE_MEMBER_IMPORT_VISIBILITY = YES;
				SWIFT_VERSION = 5.0;
			};
			name = Debug;
		};
		B400000C2FCEF1000000000C /* Release */ = {
			isa = XCBuildConfiguration;
			baseConfigurationReference = 920000062FD0000000000006 /* Config/Shared.xcconfig */;
			buildSettings = {
				APP_ATTEST_ENVIRONMENT = production;
				ASSETCATALOG_COMPILER_APPICON_NAME = AppIcon;
				ASSETCATALOG_COMPILER_GLOBAL_ACCENT_COLOR_NAME = AccentColor;
				CODE_SIGN_ENTITLEMENTS = GradelyMac/GradelyMac.entitlements;
				CODE_SIGN_STYLE = Automatic;
				CURRENT_PROJECT_VERSION = 30;
				DEVELOPMENT_TEAM = C2U9S337H8;
				ENABLE_HARDENED_RUNTIME = YES;
				ENABLE_PREVIEWS = YES;
				GENERATE_INFOPLIST_FILE = NO;
				INFOPLIST_FILE = "GradelyMac/GradelyMac-Info.plist";
				INFOPLIST_KEY_CFBundleDisplayName = Gradey;
				INFOPLIST_KEY_LSApplicationCategoryType = "public.app-category.education";
				LD_RUNPATH_SEARCH_PATHS = (
					"$(inherited)",
					"@executable_path/../Frameworks",
				);
				MACOSX_DEPLOYMENT_TARGET = 26.0;
				MARKETING_VERSION = 2.0;
				PRODUCT_BUNDLE_IDENTIFIER = com.bukovinafilip.BakalariMarks;
				PRODUCT_MODULE_NAME = Gradely;
				PRODUCT_NAME = Gradey;
				SDKROOT = macosx;
				STRING_CATALOG_GENERATE_SYMBOLS = YES;
				SUPPORTED_PLATFORMS = macosx;
				SUPPORTS_MACCATALYST = NO;
				SUPPORTS_MAC_DESIGNED_FOR_IPHONE_IPAD = NO;
				SWIFT_APPROACHABLE_CONCURRENCY = YES;
				SWIFT_DEFAULT_ACTOR_ISOLATION = MainActor;
				SWIFT_EMIT_LOC_STRINGS = YES;
				SWIFT_UPCOMING_FEATURE_MEMBER_IMPORT_VISIBILITY = YES;
				SWIFT_VERSION = 5.0;
			};
			name = Release;
		};
		B500000C2FCF00000000000C /* Debug */ = {
			isa = XCBuildConfiguration;
			buildSettings = {
				APPLICATION_EXTENSION_API_ONLY = YES;
				CODE_SIGN_ENTITLEMENTS = GradelyMacWidgets/GradelyMacWidgets.entitlements;
				CODE_SIGN_STYLE = Automatic;
				CURRENT_PROJECT_VERSION = 30;
				DEVELOPMENT_TEAM = C2U9S337H8;
				ENABLE_PREVIEWS = YES;
				GENERATE_INFOPLIST_FILE = NO;
				INFOPLIST_FILE = "GradelyMacWidgets/GradelyMacWidgets-Info.plist";
				LD_RUNPATH_SEARCH_PATHS = (
					"$(inherited)",
					"@executable_path/../Frameworks",
					"@executable_path/../../../../Frameworks",
				);
				MACOSX_DEPLOYMENT_TARGET = 26.0;
				MARKETING_VERSION = 2.0;
				PRODUCT_BUNDLE_IDENTIFIER = com.bukovinafilip.BakalariMarks.GradelyMacWidgets;
				PRODUCT_MODULE_NAME = GradelyMacWidgets;
				PRODUCT_NAME = GradelyMacWidgets;
				SDKROOT = macosx;
				SKIP_INSTALL = YES;
				STRING_CATALOG_GENERATE_SYMBOLS = NO;
				SUPPORTED_PLATFORMS = macosx;
				SUPPORTS_MACCATALYST = NO;
				SUPPORTS_MAC_DESIGNED_FOR_IPHONE_IPAD = NO;
				SWIFT_APPROACHABLE_CONCURRENCY = YES;
				SWIFT_EMIT_LOC_STRINGS = YES;
				SWIFT_UPCOMING_FEATURE_MEMBER_IMPORT_VISIBILITY = YES;
				SWIFT_VERSION = 5.0;
			};
			name = Debug;
		};
		B500000E2FCF00000000000E /* Release */ = {
			isa = XCBuildConfiguration;
			buildSettings = {
				APPLICATION_EXTENSION_API_ONLY = YES;
				CODE_SIGN_ENTITLEMENTS = GradelyMacWidgets/GradelyMacWidgets.entitlements;
				CODE_SIGN_STYLE = Automatic;
				CURRENT_PROJECT_VERSION = 30;
				DEVELOPMENT_TEAM = C2U9S337H8;
				ENABLE_PREVIEWS = YES;
				GENERATE_INFOPLIST_FILE = NO;
				INFOPLIST_FILE = "GradelyMacWidgets/GradelyMacWidgets-Info.plist";
				LD_RUNPATH_SEARCH_PATHS = (
					"$(inherited)",
					"@executable_path/../Frameworks",
					"@executable_path/../../../../Frameworks",
				);
				MACOSX_DEPLOYMENT_TARGET = 26.0;
				MARKETING_VERSION = 2.0;
				PRODUCT_BUNDLE_IDENTIFIER = com.bukovinafilip.BakalariMarks.GradelyMacWidgets;
				PRODUCT_MODULE_NAME = GradelyMacWidgets;
				PRODUCT_NAME = GradelyMacWidgets;
				SDKROOT = macosx;
				SKIP_INSTALL = YES;
				STRING_CATALOG_GENERATE_SYMBOLS = NO;
				SUPPORTED_PLATFORMS = macosx;
				SUPPORTS_MACCATALYST = NO;
				SUPPORTS_MAC_DESIGNED_FOR_IPHONE_IPAD = NO;
				SWIFT_APPROACHABLE_CONCURRENCY = YES;
				SWIFT_EMIT_LOC_STRINGS = YES;
				SWIFT_UPCOMING_FEATURE_MEMBER_IMPORT_VISIBILITY = YES;
				SWIFT_VERSION = 5.0;
			};
			name = Release;
		};
		D2104289C66A45019D2AAE8C /* Release */ = {
			isa = XCBuildConfiguration;
			buildSettings = {
				APPLICATION_EXTENSION_API_ONLY = YES;
				CODE_SIGN_ENTITLEMENTS = GradelyWidgets/GradelyWidgets.entitlements;
				CODE_SIGN_STYLE = Automatic;
				CURRENT_PROJECT_VERSION = 30;
				DEVELOPMENT_TEAM = C2U9S337H8;
				ENABLE_PREVIEWS = YES;
				INFOPLIST_FILE = "GradelyWidgets-Info.plist";
				IPHONEOS_DEPLOYMENT_TARGET = 26.0;
				LD_RUNPATH_SEARCH_PATHS = (
					"$(inherited)",
					"@executable_path/Frameworks",
					"@executable_path/../../Frameworks",
				);
				MARKETING_VERSION = 2.0;
				PRODUCT_BUNDLE_IDENTIFIER = com.bukovinafilip.BakalariMarks.GradelyWidgets;
				PRODUCT_MODULE_NAME = GradelyWidgets;
				PRODUCT_NAME = GradelyWidgets;
				SKIP_INSTALL = YES;
				STRING_CATALOG_GENERATE_SYMBOLS = NO;
				SUPPORTED_PLATFORMS = "iphoneos iphonesimulator";
				SUPPORTS_MACCATALYST = NO;
				SUPPORTS_MAC_DESIGNED_FOR_IPHONE_IPAD = NO;
				SUPPORTS_XR_DESIGNED_FOR_IPHONE_IPAD = NO;
				SWIFT_APPROACHABLE_CONCURRENCY = YES;
				SWIFT_EMIT_LOC_STRINGS = YES;
				SWIFT_UPCOMING_FEATURE_MEMBER_IMPORT_VISIBILITY = YES;
				SWIFT_VERSION = 5.0;
				TARGETED_DEVICE_FAMILY = 1;
			};
			name = Release;
		};
/* End XCBuildConfiguration section */

/* Begin XCConfigurationList section */
		81EE6C9C2FCDDC4A009D28DE /* Build configuration list for PBXProject "Gradely" */ = {
			isa = XCConfigurationList;
			buildConfigurations = (
				81EE6CC02FCDDC4B009D28DE /* Debug */,
				81EE6CC12FCDDC4B009D28DE /* Release */,
			);
			defaultConfigurationIsVisible = 0;
			defaultConfigurationName = Release;
		};
		81EE6CC22FCDDC4B009D28DE /* Build configuration list for PBXNativeTarget "Gradely" */ = {
			isa = XCConfigurationList;
			buildConfigurations = (
				81EE6CC32FCDDC4B009D28DE /* Debug */,
				81EE6CC42FCDDC4B009D28DE /* Release */,
			);
			defaultConfigurationIsVisible = 0;
			defaultConfigurationName = Release;
		};
		81EE6CC52FCDDC4B009D28DE /* Build configuration list for PBXNativeTarget "GradelyTests" */ = {
			isa = XCConfigurationList;
			buildConfigurations = (
				81EE6CC62FCDDC4B009D28DE /* Debug */,
				81EE6CC72FCDDC4B009D28DE /* Release */,
			);
			defaultConfigurationIsVisible = 0;
			defaultConfigurationName = Release;
		};
		81EE6CC82FCDDC4B009D28DE /* Build configuration list for PBXNativeTarget "GradelyUITests" */ = {
			isa = XCConfigurationList;
			buildConfigurations = (
				81EE6CC92FCDDC4B009D28DE /* Debug */,
				81EE6CCA2FCDDC4B009D28DE /* Release */,
			);
			defaultConfigurationIsVisible = 0;
			defaultConfigurationName = Release;
		};
		88AF564662E647598A38D268 /* Build configuration list for PBXNativeTarget "GradelyWidgets" */ = {
			isa = XCConfigurationList;
			buildConfigurations = (
				2D79EEE0741D465FB1A1FB5D /* Debug */,
				D2104289C66A45019D2AAE8C /* Release */,
			);
			defaultConfigurationIsVisible = 0;
			defaultConfigurationName = Release;
		};
		B400000D2FCEF1000000000D /* Build configuration list for PBXNativeTarget "GradelyMac" */ = {
			isa = XCConfigurationList;
			buildConfigurations = (
				B400000B2FCEF1000000000B /* Debug */,
				B400000C2FCEF1000000000C /* Release */,
			);
			defaultConfigurationIsVisible = 0;
			defaultConfigurationName = Release;
		};
		B500000D2FCF00000000000D /* Build configuration list for PBXNativeTarget "GradelyMacWidgets" */ = {
			isa = XCConfigurationList;
			buildConfigurations = (
				B500000C2FCF00000000000C /* Debug */,
				B500000E2FCF00000000000E /* Release */,
			);
			defaultConfigurationIsVisible = 0;
			defaultConfigurationName = Release;
		};
/* End XCConfigurationList section */

/* Begin XCLocalSwiftPackageReference section */
		A10000012FCE000000000001 /* XCLocalSwiftPackageReference "GradelyWatchShared" */ = {
			isa = XCLocalSwiftPackageReference;
			relativePath = GradelyWatchShared;
		};
		D20000012FD2000000000001 /* XCLocalSwiftPackageReference "LocalPackages/hugeicons-swift" */ = {
			isa = XCLocalSwiftPackageReference;
			relativePath = "LocalPackages/hugeicons-swift";
		};
/* End XCLocalSwiftPackageReference section */

/* Begin XCRemoteSwiftPackageReference section */
		81EE6CCD2FCDDC4B009D28DE /* XCRemoteSwiftPackageReference "purchases-ios-spm" */ = {
			isa = XCRemoteSwiftPackageReference;
			repositoryURL = "https://github.com/RevenueCat/purchases-ios-spm.git";
			requirement = {
				kind = exactVersion;
				version = 5.77.0;
			};
		};
		920000052FD0000000000005 /* XCRemoteSwiftPackageReference "supabase-swift" */ = {
			isa = XCRemoteSwiftPackageReference;
			repositoryURL = "https://github.com/supabase/supabase-swift.git";
			requirement = {
				kind = upToNextMajorVersion;
				minimumVersion = 2.48.0;
			};
		};
		F10000012FD1000000000001 /* XCRemoteSwiftPackageReference "firebase-ios-sdk" */ = {
			isa = XCRemoteSwiftPackageReference;
			repositoryURL = "https://github.com/firebase/firebase-ios-sdk.git";
			requirement = {
				kind = exactVersion;
				version = 12.16.0;
			};
		};
/* End XCRemoteSwiftPackageReference section */

/* Begin XCSwiftPackageProductDependency section */
		81EE6CCC2FCDDC4B009D28DE /* RevenueCat */ = {
			isa = XCSwiftPackageProductDependency;
			package = 81EE6CCD2FCDDC4B009D28DE /* XCRemoteSwiftPackageReference "purchases-ios-spm" */;
			productName = RevenueCat;
		};
		920000022FD0000000000002 /* Supabase */ = {
			isa = XCSwiftPackageProductDependency;
			package = 920000052FD0000000000005 /* XCRemoteSwiftPackageReference "supabase-swift" */;
			productName = Supabase;
		};
		920000042FD0000000000004 /* Supabase */ = {
			isa = XCSwiftPackageProductDependency;
			package = 920000052FD0000000000005 /* XCRemoteSwiftPackageReference "supabase-swift" */;
			productName = Supabase;
		};
		A10000022FCE000000000002 /* GradelyWatchShared */ = {
			isa = XCSwiftPackageProductDependency;
			package = A10000012FCE000000000001 /* XCLocalSwiftPackageReference "GradelyWatchShared" */;
			productName = GradelyWatchShared;
		};
		A10000052FCE000000000005 /* GradelyWatchShared */ = {
			isa = XCSwiftPackageProductDependency;
			package = A10000012FCE000000000001 /* XCLocalSwiftPackageReference "GradelyWatchShared" */;
			productName = GradelyWatchShared;
		};
		B40000RC2FCEF10000000002 /* RevenueCat */ = {
			isa = XCSwiftPackageProductDependency;
			package = 81EE6CCD2FCDDC4B009D28DE /* XCRemoteSwiftPackageReference "purchases-ios-spm" */;
			productName = RevenueCat;
		};
		D20000102FD2000000000010 /* HugeiconsCore */ = {
			isa = XCSwiftPackageProductDependency;
			package = D20000012FD2000000000001 /* XCLocalSwiftPackageReference "LocalPackages/hugeicons-swift" */;
			productName = HugeiconsCore;
		};
		D20000112FD2000000000011 /* HugeiconsStrokeRounded */ = {
			isa = XCSwiftPackageProductDependency;
			package = D20000012FD2000000000001 /* XCLocalSwiftPackageReference "LocalPackages/hugeicons-swift" */;
			productName = HugeiconsStrokeRounded;
		};
		D20000122FD2000000000012 /* HugeiconsCore */ = {
			isa = XCSwiftPackageProductDependency;
			package = D20000012FD2000000000001 /* XCLocalSwiftPackageReference "LocalPackages/hugeicons-swift" */;
			productName = HugeiconsCore;
		};
		D20000132FD2000000000013 /* HugeiconsStrokeRounded */ = {
			isa = XCSwiftPackageProductDependency;
			package = D20000012FD2000000000001 /* XCLocalSwiftPackageReference "LocalPackages/hugeicons-swift" */;
			productName = HugeiconsStrokeRounded;
		};
		F10000102FD1000000000010 /* FirebaseCore */ = {
			isa = XCSwiftPackageProductDependency;
			package = F10000012FD1000000000001 /* XCRemoteSwiftPackageReference "firebase-ios-sdk" */;
			productName = FirebaseCore;
		};
		F10000112FD1000000000011 /* FirebaseAuth */ = {
			isa = XCSwiftPackageProductDependency;
			package = F10000012FD1000000000001 /* XCRemoteSwiftPackageReference "firebase-ios-sdk" */;
			productName = FirebaseAuth;
		};
		F10000122FD1000000000012 /* FirebaseFunctions */ = {
			isa = XCSwiftPackageProductDependency;
			package = F10000012FD1000000000001 /* XCRemoteSwiftPackageReference "firebase-ios-sdk" */;
			productName = FirebaseFunctions;
		};
		F10000132FD1000000000013 /* FirebaseAppCheck */ = {
			isa = XCSwiftPackageProductDependency;
			package = F10000012FD1000000000001 /* XCRemoteSwiftPackageReference "firebase-ios-sdk" */;
			productName = FirebaseAppCheck;
		};
		F10000142FD1000000000014 /* FirebaseCore */ = {
			isa = XCSwiftPackageProductDependency;
			package = F10000012FD1000000000001 /* XCRemoteSwiftPackageReference "firebase-ios-sdk" */;
			productName = FirebaseCore;
		};
		F10000152FD1000000000015 /* FirebaseAuth */ = {
			isa = XCSwiftPackageProductDependency;
			package = F10000012FD1000000000001 /* XCRemoteSwiftPackageReference "firebase-ios-sdk" */;
			productName = FirebaseAuth;
		};
		F10000162FD1000000000016 /* FirebaseFunctions */ = {
			isa = XCSwiftPackageProductDependency;
			package = F10000012FD1000000000001 /* XCRemoteSwiftPackageReference "firebase-ios-sdk" */;
			productName = FirebaseFunctions;
		};
		F10000172FD1000000000017 /* FirebaseAppCheck */ = {
			isa = XCSwiftPackageProductDependency;
			package = F10000012FD1000000000001 /* XCRemoteSwiftPackageReference "firebase-ios-sdk" */;
			productName = FirebaseAppCheck;
		};
/* End XCSwiftPackageProductDependency section */
	};
	rootObject = 81EE6C992FCDDC4A009D28DE /* Project object */;
}
