// !$*UTF8*$!
{
	archiveVersion = 1;
	classes = {
	};
	objectVersion = 77;
	objects = {

/* Begin PBXBuildFile section */
		81EE6CCB2FCDDC4B009D28DE /* RevenueCat in Frameworks */ = {isa = PBXBuildFile; productRef = 81EE6CCC2FCDDC4B009D28DE /* RevenueCat */; };
		C53D9B8831BC494585B5670D /* GradelyWidgets.appex in Embed Foundation Extensions */ = {isa = PBXBuildFile; fileRef = 23EA86CD939E4E779E620824 /* GradelyWidgets.appex */; settings = {ATTRIBUTES = (RemoveHeadersOnCopy, ); }; };
/* End PBXBuildFile section */

/* Begin PBXContainerItemProxy section */
		81EE6CAF2FCDDC4B009D28DE /* PBXContainerItemProxy */ = {
			isa = PBXContainerItemProxy;
			containerPortal = 81EE6C992FCDDC4A009D28DE /* Project object */;
			proxyType = 1;
			remoteGlobalIDString = 81EE6CA02FCDDC4A009D28DE;
			remoteInfo = Gradely;
		};
		81EE6CB92FCDDC4B009D28DE /* PBXContainerItemProxy */ = {
			isa = PBXContainerItemProxy;
			containerPortal = 81EE6C992FCDDC4A009D28DE /* Project object */;
			proxyType = 1;
			remoteGlobalIDString = 81EE6CA02FCDDC4A009D28DE;
			remoteInfo = Gradely;
		};
		D734A237614240099FDAEE21 /* PBXContainerItemProxy */ = {
			isa = PBXContainerItemProxy;
			containerPortal = 81EE6C992FCDDC4A009D28DE /* Project object */;
			proxyType = 1;
			remoteGlobalIDString = 3C92596932E94E9D8745B9E6;
			remoteInfo = GradelyWidgets;
		};
/* End PBXContainerItemProxy section */

/* Begin PBXCopyFilesBuildPhase section */
		28E3FBE556724CC49EE2E04A /* Embed Foundation Extensions */ = {
			isa = PBXCopyFilesBuildPhase;
			buildActionMask = 2147483647;
			dstPath = "";
			dstSubfolderSpec = 13;
			files = (
				C53D9B8831BC494585B5670D /* GradelyWidgets.appex in Embed Foundation Extensions */,
			);
			name = "Embed Foundation Extensions";
			runOnlyForDeploymentPostprocessing = 0;
		};
/* End PBXCopyFilesBuildPhase section */

/* Begin PBXFileReference section */
		23EA86CD939E4E779E620824 /* GradelyWidgets.appex */ = {isa = PBXFileReference; explicitFileType = "wrapper.app-extension"; includeInIndex = 0; path = GradelyWidgets.appex; sourceTree = BUILT_PRODUCTS_DIR; };
		81EE6CA12FCDDC4A009D28DE /* Gradely.app */ = {isa = PBXFileReference; explicitFileType = wrapper.application; includeInIndex = 0; path = Gradely.app; sourceTree = BUILT_PRODUCTS_DIR; };
		81EE6CAE2FCDDC4B009D28DE /* GradelyTests.xctest */ = {isa = PBXFileReference; explicitFileType = wrapper.cfbundle; includeInIndex = 0; path = GradelyTests.xctest; sourceTree = BUILT_PRODUCTS_DIR; };
		81EE6CB82FCDDC4B009D28DE /* GradelyUITests.xctest */ = {isa = PBXFileReference; explicitFileType = wrapper.cfbundle; includeInIndex = 0; path = GradelyUITests.xctest; sourceTree = BUILT_PRODUCTS_DIR; };
/* End PBXFileReference section */

/* Begin PBXFileSystemSynchronizedRootGroup section */
		2E470A758D5B4B02B64C39E1 /* GradelyShared */ = {
			isa = PBXFileSystemSynchronizedRootGroup;
			path = GradelyShared;
			sourceTree = "<group>";
		};
		81EE6CA32FCDDC4A009D28DE /* Gradely */ = {
			isa = PBXFileSystemSynchronizedRootGroup;
			path = Gradely;
			sourceTree = "<group>";
		};
		81EE6CB12FCDDC4B009D28DE /* GradelyTests */ = {
			isa = PBXFileSystemSynchronizedRootGroup;
			path = GradelyTests;
			sourceTree = "<group>";
		};
		81EE6CBB2FCDDC4B009D28DE /* GradelyUITests */ = {
			isa = PBXFileSystemSynchronizedRootGroup;
			path = GradelyUITests;
			sourceTree = "<group>";
		};
		F8540C70F48A43EC9B9EA8A2 /* GradelyWidgets */ = {
			isa = PBXFileSystemSynchronizedRootGroup;
			path = GradelyWidgets;
			sourceTree = "<group>";
		};
/* End PBXFileSystemSynchronizedRootGroup section */

/* Begin PBXFrameworksBuildPhase section */
		37A6E66451C349508EA31149 /* Frameworks */ = {
			isa = PBXFrameworksBuildPhase;
			buildActionMask = 2147483647;
			files = (
			);
			runOnlyForDeploymentPostprocessing = 0;
		};
		81EE6C9E2FCDDC4A009D28DE /* Frameworks */ = {
			isa = PBXFrameworksBuildPhase;
			buildActionMask = 2147483647;
			files = (
				81EE6CCB2FCDDC4B009D28DE /* RevenueCat in Frameworks */,
			);
			runOnlyForDeploymentPostprocessing = 0;
		};
		81EE6CAB2FCDDC4B009D28DE /* Frameworks */ = {
			isa = PBXFrameworksBuildPhase;
			buildActionMask = 2147483647;
			files = (
			);
			runOnlyForDeploymentPostprocessing = 0;
		};
		81EE6CB52FCDDC4B009D28DE /* Frameworks */ = {
			isa = PBXFrameworksBuildPhase;
			buildActionMask = 2147483647;
			files = (
			);
			runOnlyForDeploymentPostprocessing = 0;
		};
/* End PBXFrameworksBuildPhase section */

/* Begin PBXGroup section */
		81EE6C982FCDDC4A009D28DE = {
			isa = PBXGroup;
			children = (
				81EE6CA32FCDDC4A009D28DE /* Gradely */,
				2E470A758D5B4B02B64C39E1 /* GradelyShared */,
				F8540C70F48A43EC9B9EA8A2 /* GradelyWidgets */,
				81EE6CB12FCDDC4B009D28DE /* GradelyTests */,
				81EE6CBB2FCDDC4B009D28DE /* GradelyUITests */,
				81EE6CA22FCDDC4A009D28DE /* Products */,
			);
			sourceTree = "<group>";
		};
		81EE6CA22FCDDC4A009D28DE /* Products */ = {
			isa = PBXGroup;
			children = (
				81EE6CA12FCDDC4A009D28DE /* Gradely.app */,
				23EA86CD939E4E779E620824 /* GradelyWidgets.appex */,
				81EE6CAE2FCDDC4B009D28DE /* GradelyTests.xctest */,
				81EE6CB82FCDDC4B009D28DE /* GradelyUITests.xctest */,
			);
			name = Products;
			sourceTree = "<group>";
		};
/* End PBXGroup section */

/* Begin PBXNativeTarget section */
		3C92596932E94E9D8745B9E6 /* GradelyWidgets */ = {
			isa = PBXNativeTarget;
			buildConfigurationList = 88AF564662E647598A38D268 /* Build configuration list for PBXNativeTarget "GradelyWidgets" */;
			buildPhases = (
				7BA5A12D94014895BE12F1B3 /* Sources */,
				37A6E66451C349508EA31149 /* Frameworks */,
				AA2C35F4628043609E303584 /* Resources */,
			);
			buildRules = (
			);
			dependencies = (
			);
			fileSystemSynchronizedGroups = (
				2E470A758D5B4B02B64C39E1 /* GradelyShared */,
				F8540C70F48A43EC9B9EA8A2 /* GradelyWidgets */,
			);
			name = GradelyWidgets;
			packageProductDependencies = (
			);
			productName = GradelyWidgets;
			productReference = 23EA86CD939E4E779E620824 /* GradelyWidgets.appex */;
			productType = "com.apple.product-type.app-extension";
		};
		81EE6CA02FCDDC4A009D28DE /* Gradely */ = {
			isa = PBXNativeTarget;
			buildConfigurationList = 81EE6CC22FCDDC4B009D28DE /* Build configuration list for PBXNativeTarget "Gradely" */;
			buildPhases = (
				81EE6C9D2FCDDC4A009D28DE /* Sources */,
				81EE6C9E2FCDDC4A009D28DE /* Frameworks */,
				81EE6C9F2FCDDC4A009D28DE /* Resources */,
				28E3FBE556724CC49EE2E04A /* Embed Foundation Extensions */,
			);
			buildRules = (
			);
			dependencies = (
				82B61A8324CB45848EA5AC14 /* PBXTargetDependency */,
			);
			fileSystemSynchronizedGroups = (
				2E470A758D5B4B02B64C39E1 /* GradelyShared */,
				81EE6CA32FCDDC4A009D28DE /* Gradely */,
			);
			name = Gradely;
			packageProductDependencies = (
				81EE6CCC2FCDDC4B009D28DE /* RevenueCat */,
			);
			productName = Gradely;
			productReference = 81EE6CA12FCDDC4A009D28DE /* Gradely.app */;
			productType = "com.apple.product-type.application";
		};
		81EE6CAD2FCDDC4B009D28DE /* GradelyTests */ = {
			isa = PBXNativeTarget;
			buildConfigurationList = 81EE6CC52FCDDC4B009D28DE /* Build configuration list for PBXNativeTarget "GradelyTests" */;
			buildPhases = (
				81EE6CAA2FCDDC4B009D28DE /* Sources */,
				81EE6CAB2FCDDC4B009D28DE /* Frameworks */,
				81EE6CAC2FCDDC4B009D28DE /* Resources */,
			);
			buildRules = (
			);
			dependencies = (
				81EE6CB02FCDDC4B009D28DE /* PBXTargetDependency */,
			);
			fileSystemSynchronizedGroups = (
				81EE6CB12FCDDC4B009D28DE /* GradelyTests */,
			);
			name = GradelyTests;
			packageProductDependencies = (
			);
			productName = GradelyTests;
			productReference = 81EE6CAE2FCDDC4B009D28DE /* GradelyTests.xctest */;
			productType = "com.apple.product-type.bundle.unit-test";
		};
		81EE6CB72FCDDC4B009D28DE /* GradelyUITests */ = {
			isa = PBXNativeTarget;
			buildConfigurationList = 81EE6CC82FCDDC4B009D28DE /* Build configuration list for PBXNativeTarget "GradelyUITests" */;
			buildPhases = (
				81EE6CB42FCDDC4B009D28DE /* Sources */,
				81EE6CB52FCDDC4B009D28DE /* Frameworks */,
				81EE6CB62FCDDC4B009D28DE /* Resources */,
			);
			buildRules = (
			);
			dependencies = (
				81EE6CBA2FCDDC4B009D28DE /* PBXTargetDependency */,
			);
			fileSystemSynchronizedGroups = (
				81EE6CBB2FCDDC4B009D28DE /* GradelyUITests */,
			);
			name = GradelyUITests;
			packageProductDependencies = (
			);
			productName = GradelyUITests;
			productReference = 81EE6CB82FCDDC4B009D28DE /* GradelyUITests.xctest */;
			productType = "com.apple.product-type.bundle.ui-testing";
		};
/* End PBXNativeTarget section */

/* Begin PBXProject section */
		81EE6C992FCDDC4A009D28DE /* Project object */ = {
			isa = PBXProject;
			attributes = {
				BuildIndependentTargetsInParallel = 1;
				LastSwiftUpdateCheck = 2650;
				LastUpgradeCheck = 2650;
				TargetAttributes = {
					3C92596932E94E9D8745B9E6 = {
						CreatedOnToolsVersion = 26.5;
						SystemCapabilities = {
							com.apple.ApplicationGroups.iOS = {
								enabled = 1;
							};
						};
					};
					81EE6CA02FCDDC4A009D28DE = {
						CreatedOnToolsVersion = 26.5;
						SystemCapabilities = {
							com.apple.ApplicationGroups.iOS = {
								enabled = 1;
							};
							com.apple.InAppPurchase = {
								enabled = 1;
							};
						};
					};
					81EE6CAD2FCDDC4B009D28DE = {
						CreatedOnToolsVersion = 26.5;
						TestTargetID = 81EE6CA02FCDDC4A009D28DE;
					};
					81EE6CB72FCDDC4B009D28DE = {
						CreatedOnToolsVersion = 26.5;
						TestTargetID = 81EE6CA02FCDDC4A009D28DE;
					};
				};
			};
			buildConfigurationList = 81EE6C9C2FCDDC4A009D28DE /* Build configuration list for PBXProject "Gradely" */;
			developmentRegion = en;
			hasScannedForEncodings = 0;
			knownRegions = (
				en,
				cs,
				Base,
			);
			mainGroup = 81EE6C982FCDDC4A009D28DE;
			minimizedProjectReferenceProxies = 1;
			packageReferences = (
				81EE6CCD2FCDDC4B009D28DE /* XCRemoteSwiftPackageReference "purchases-ios-spm" */,
			);
			preferredProjectObjectVersion = 77;
			productRefGroup = 81EE6CA22FCDDC4A009D28DE /* Products */;
			projectDirPath = "";
			projectRoot = "";
			targets = (
				81EE6CA02FCDDC4A009D28DE /* Gradely */,
				3C92596932E94E9D8745B9E6 /* GradelyWidgets */,
				81EE6CAD2FCDDC4B009D28DE /* GradelyTests */,
				81EE6CB72FCDDC4B009D28DE /* GradelyUITests */,
			);
		};
/* End PBXProject section */

/* Begin PBXResourcesBuildPhase section */
		81EE6C9F2FCDDC4A009D28DE /* Resources */ = {
			isa = PBXResourcesBuildPhase;
			buildActionMask = 2147483647;
			files = (
			);
			runOnlyForDeploymentPostprocessing = 0;
		};
		81EE6CAC2FCDDC4B009D28DE /* Resources */ = {
			isa = PBXResourcesBuildPhase;
			buildActionMask = 2147483647;
			files = (
			);
			runOnlyForDeploymentPostprocessing = 0;
		};
		81EE6CB62FCDDC4B009D28DE /* Resources */ = {
			isa = PBXResourcesBuildPhase;
			buildActionMask = 2147483647;
			files = (
			);
			runOnlyForDeploymentPostprocessing = 0;
		};
		AA2C35F4628043609E303584 /* Resources */ = {
			isa = PBXResourcesBuildPhase;
			buildActionMask = 2147483647;
			files = (
			);
			runOnlyForDeploymentPostprocessing = 0;
		};
/* End PBXResourcesBuildPhase section */

/* Begin PBXSourcesBuildPhase section */
		7BA5A12D94014895BE12F1B3 /* Sources */ = {
			isa = PBXSourcesBuildPhase;
			buildActionMask = 2147483647;
			files = (
			);
			runOnlyForDeploymentPostprocessing = 0;
		};
		81EE6C9D2FCDDC4A009D28DE /* Sources */ = {
			isa = PBXSourcesBuildPhase;
			buildActionMask = 2147483647;
			files = (
			);
			runOnlyForDeploymentPostprocessing = 0;
		};
		81EE6CAA2FCDDC4B009D28DE /* Sources */ = {
			isa = PBXSourcesBuildPhase;
			buildActionMask = 2147483647;
			files = (
			);
			runOnlyForDeploymentPostprocessing = 0;
		};
		81EE6CB42FCDDC4B009D28DE /* Sources */ = {
			isa = PBXSourcesBuildPhase;
			buildActionMask = 2147483647;
			files = (
			);
			runOnlyForDeploymentPostprocessing = 0;
		};
/* End PBXSourcesBuildPhase section */

/* Begin PBXTargetDependency section */
		81EE6CB02FCDDC4B009D28DE /* PBXTargetDependency */ = {
			isa = PBXTargetDependency;
			target = 81EE6CA02FCDDC4A009D28DE /* Gradely */;
			targetProxy = 81EE6CAF2FCDDC4B009D28DE /* PBXContainerItemProxy */;
		};
		81EE6CBA2FCDDC4B009D28DE /* PBXTargetDependency */ = {
			isa = PBXTargetDependency;
			target = 81EE6CA02FCDDC4A009D28DE /* Gradely */;
			targetProxy = 81EE6CB92FCDDC4B009D28DE /* PBXContainerItemProxy */;
		};
		82B61A8324CB45848EA5AC14 /* PBXTargetDependency */ = {
			isa = PBXTargetDependency;
			target = 3C92596932E94E9D8745B9E6 /* GradelyWidgets */;
			targetProxy = D734A237614240099FDAEE21 /* PBXContainerItemProxy */;
		};
/* End PBXTargetDependency section */

/* Begin XCBuildConfiguration section */
		2D79EEE0741D465FB1A1FB5D /* Debug */ = {
			isa = XCBuildConfiguration;
			buildSettings = {
				APPLICATION_EXTENSION_API_ONLY = YES;
				CODE_SIGN_ENTITLEMENTS = GradelyWidgets/GradelyWidgets.entitlements;
				CODE_SIGN_STYLE = Automatic;
				CURRENT_PROJECT_VERSION = 10;
				DEVELOPMENT_TEAM = C2U9S337H8;
				ENABLE_PREVIEWS = YES;
				INFOPLIST_FILE = "GradelyWidgets-Info.plist";
				IPHONEOS_DEPLOYMENT_TARGET = 26.0;
				LD_RUNPATH_SEARCH_PATHS = (
					"$(inherited)",
					"@executable_path/Frameworks",
					"@executable_path/../../Frameworks",
				);
				MARKETING_VERSION = 1.4;
				PRODUCT_BUNDLE_IDENTIFIER = com.bukovinafilip.BakalariMarks.GradelyWidgets;
				PRODUCT_NAME = "$(TARGET_NAME)";
				SKIP_INSTALL = YES;
				STRING_CATALOG_GENERATE_SYMBOLS = NO;
				SUPPORTED_PLATFORMS = "iphoneos iphonesimulator";
				SUPPORTS_MACCATALYST = NO;
				SUPPORTS_MAC_DESIGNED_FOR_IPHONE_IPAD = NO;
				SUPPORTS_XR_DESIGNED_FOR_IPHONE_IPAD = NO;
				SWIFT_APPROACHABLE_CONCURRENCY = YES;
				SWIFT_EMIT_LOC_STRINGS = YES;
				SWIFT_UPCOMING_FEATURE_MEMBER_IMPORT_VISIBILITY = YES;
				SWIFT_VERSION = 5.0;
				TARGETED_DEVICE_FAMILY = 1;
			};
			name = Debug;
		};
		81EE6CC02FCDDC4B009D28DE /* Debug */ = {
			isa = XCBuildConfiguration;
			buildSettings = {
				ALWAYS_SEARCH_USER_PATHS = NO;
				ASSETCATALOG_COMPILER_GENERATE_SWIFT_ASSET_SYMBOL_EXTENSIONS = YES;
				CLANG_ANALYZER_NONNULL = YES;
				CLANG_ANALYZER_NUMBER_OBJECT_CONVERSION = YES_AGGRESSIVE;
				CLANG_CXX_LANGUAGE_STANDARD = "gnu++20";
				CLANG_ENABLE_MODULES = YES;
				CLANG_ENABLE_OBJC_ARC = YES;
				CLANG_ENABLE_OBJC_WEAK = YES;
				CLANG_WARN_BLOCK_CAPTURE_AUTORELEASING = YES;
				CLANG_WARN_BOOL_CONVERSION = YES;
				CLANG_WARN_COMMA = YES;
				CLANG_WARN_CONSTANT_CONVERSION = YES;
				CLANG_WARN_DEPRECATED_OBJC_IMPLEMENTATIONS = YES;
				CLANG_WARN_DIRECT_OBJC_ISA_USAGE = YES_ERROR;
				CLANG_WARN_DOCUMENTATION_COMMENTS = YES;
				CLANG_WARN_EMPTY_BODY = YES;
				CLANG_WARN_ENUM_CONVERSION = YES;
				CLANG_WARN_INFINITE_RECURSION = YES;
				CLANG_WARN_INT_CONVERSION = YES;
				CLANG_WARN_NON_LITERAL_NULL_CONVERSION = YES;
				CLANG_WARN_OBJC_IMPLICIT_RETAIN_SELF = YES;
				CLANG_WARN_OBJC_LITERAL_CONVERSION = YES;
				CLANG_WARN_OBJC_ROOT_CLASS = YES_ERROR;
				CLANG_WARN_QUOTED_INCLUDE_IN_FRAMEWORK_HEADER = YES;
				CLANG_WARN_RANGE_LOOP_ANALYSIS = YES;
				CLANG_WARN_STRICT_PROTOTYPES = YES;
				CLANG_WARN_SUSPICIOUS_MOVE = YES;
				CLANG_WARN_UNGUARDED_AVAILABILITY = YES_AGGRESSIVE;
				CLANG_WARN_UNREACHABLE_CODE = YES;
				CLANG_WARN__DUPLICATE_METHOD_MATCH = YES;
				COPY_PHASE_STRIP = NO;
				DEBUG_INFORMATION_FORMAT = dwarf;
				DEVELOPMENT_TEAM = C2U9S337H8;
				ENABLE_STRICT_OBJC_MSGSEND = YES;
				ENABLE_TESTABILITY = YES;
				ENABLE_USER_SCRIPT_SANDBOXING = YES;
				GCC_C_LANGUAGE_STANDARD = gnu17;
				GCC_DYNAMIC_NO_PIC = NO;
				GCC_NO_COMMON_BLOCKS = YES;
				GCC_OPTIMIZATION_LEVEL = 0;
				GCC_PREPROCESSOR_DEFINITIONS = (
					"DEBUG=1",
					"$(inherited)",
				);
				GCC_WARN_64_TO_32_BIT_CONVERSION = YES;
				GCC_WARN_ABOUT_RETURN_TYPE = YES_ERROR;
				GCC_WARN_UNDECLARED_SELECTOR = YES;
				GCC_WARN_UNINITIALIZED_AUTOS = YES_AGGRESSIVE;
				GCC_WARN_UNUSED_FUNCTION = YES;
				GCC_WARN_UNUSED_VARIABLE = YES;
				IPHONEOS_DEPLOYMENT_TARGET = 26.5;
				LOCALIZATION_PREFERS_STRING_CATALOGS = YES;
				MTL_ENABLE_DEBUG_INFO = INCLUDE_SOURCE;
				MTL_FAST_MATH = YES;
				ONLY_ACTIVE_ARCH = YES;
				SDKROOT = iphoneos;
				SWIFT_ACTIVE_COMPILATION_CONDITIONS = "DEBUG $(inherited)";
				SWIFT_OPTIMIZATION_LEVEL = "-Onone";
			};
			name = Debug;
		};
		81EE6CC12FCDDC4B009D28DE /* Release */ = {
			isa = XCBuildConfiguration;
			buildSettings = {
				ALWAYS_SEARCH_USER_PATHS = NO;
				ASSETCATALOG_COMPILER_GENERATE_SWIFT_ASSET_SYMBOL_EXTENSIONS = YES;
				CLANG_ANALYZER_NONNULL = YES;
				CLANG_ANALYZER_NUMBER_OBJECT_CONVERSION = YES_AGGRESSIVE;
				CLANG_CXX_LANGUAGE_STANDARD = "gnu++20";
				CLANG_ENABLE_MODULES = YES;
				CLANG_ENABLE_OBJC_ARC = YES;
				CLANG_ENABLE_OBJC_WEAK = YES;
				CLANG_WARN_BLOCK_CAPTURE_AUTORELEASING = YES;
				CLANG_WARN_BOOL_CONVERSION = YES;
				CLANG_WARN_COMMA = YES;
				CLANG_WARN_CONSTANT_CONVERSION = YES;
				CLANG_WARN_DEPRECATED_OBJC_IMPLEMENTATIONS = YES;
				CLANG_WARN_DIRECT_OBJC_ISA_USAGE = YES_ERROR;
				CLANG_WARN_DOCUMENTATION_COMMENTS = YES;
				CLANG_WARN_EMPTY_BODY = YES;
				CLANG_WARN_ENUM_CONVERSION = YES;
				CLANG_WARN_INFINITE_RECURSION = YES;
				CLANG_WARN_INT_CONVERSION = YES;
				CLANG_WARN_NON_LITERAL_NULL_CONVERSION = YES;
				CLANG_WARN_OBJC_IMPLICIT_RETAIN_SELF = YES;
				CLANG_WARN_OBJC_LITERAL_CONVERSION = YES;
				CLANG_WARN_OBJC_ROOT_CLASS = YES_ERROR;
				CLANG_WARN_QUOTED_INCLUDE_IN_FRAMEWORK_HEADER = YES;
				CLANG_WARN_RANGE_LOOP_ANALYSIS = YES;
				CLANG_WARN_STRICT_PROTOTYPES = YES;
				CLANG_WARN_SUSPICIOUS_MOVE = YES;
				CLANG_WARN_UNGUARDED_AVAILABILITY = YES_AGGRESSIVE;
				CLANG_WARN_UNREACHABLE_CODE = YES;
				CLANG_WARN__DUPLICATE_METHOD_MATCH = YES;
				COPY_PHASE_STRIP = NO;
				DEBUG_INFORMATION_FORMAT = "dwarf-with-dsym";
				DEVELOPMENT_TEAM = C2U9S337H8;
				ENABLE_NS_ASSERTIONS = NO;
				ENABLE_STRICT_OBJC_MSGSEND = YES;
				ENABLE_USER_SCRIPT_SANDBOXING = YES;
				GCC_C_LANGUAGE_STANDARD = gnu17;
				GCC_NO_COMMON_BLOCKS = YES;
				GCC_WARN_64_TO_32_BIT_CONVERSION = YES;
				GCC_WARN_ABOUT_RETURN_TYPE = YES_ERROR;
				GCC_WARN_UNDECLARED_SELECTOR = YES;
				GCC_WARN_UNINITIALIZED_AUTOS = YES_AGGRESSIVE;
				GCC_WARN_UNUSED_FUNCTION = YES;
				GCC_WARN_UNUSED_VARIABLE = YES;
				IPHONEOS_DEPLOYMENT_TARGET = 26.5;
				LOCALIZATION_PREFERS_STRING_CATALOGS = YES;
				MTL_ENABLE_DEBUG_INFO = NO;
				MTL_FAST_MATH = YES;
				SDKROOT = iphoneos;
				SWIFT_COMPILATION_MODE = wholemodule;
				VALIDATE_PRODUCT = YES;
			};
			name = Release;
		};
		81EE6CC32FCDDC4B009D28DE /* Debug */ = {
			isa = XCBuildConfiguration;
			buildSettings = {
				ASSETCATALOG_COMPILER_APPICON_NAME = AppIcon;
				ASSETCATALOG_COMPILER_GLOBAL_ACCENT_COLOR_NAME = AccentColor;
				CODE_SIGN_ENTITLEMENTS = Gradely/Gradely.entitlements;
				CODE_SIGN_STYLE = Automatic;
				CURRENT_PROJECT_VERSION = 10;
				DEVELOPMENT_TEAM = C2U9S337H8;
				ENABLE_PREVIEWS = YES;
				GENERATE_INFOPLIST_FILE = NO;
				INFOPLIST_FILE = "Gradely-Info.plist";
				IPHONEOS_DEPLOYMENT_TARGET = 26.0;
				LD_RUNPATH_SEARCH_PATHS = (
					"$(inherited)",
					"@executable_path/Frameworks",
				);
				MARKETING_VERSION = 1.4;
				PRODUCT_BUNDLE_IDENTIFIER = com.bukovinafilip.BakalariMarks;
				PRODUCT_NAME = "$(TARGET_NAME)";
				REVENUECAT_IOS_API_KEY = appl_KTNbCvFOqwPTWfQKhjDCgSdSANH;
				STRING_CATALOG_GENERATE_SYMBOLS = YES;
				SUPPORTED_PLATFORMS = "iphoneos iphonesimulator";
				SUPPORTS_MACCATALYST = NO;
				SUPPORTS_MAC_DESIGNED_FOR_IPHONE_IPAD = NO;
				SUPPORTS_XR_DESIGNED_FOR_IPHONE_IPAD = NO;
				SWIFT_APPROACHABLE_CONCURRENCY = YES;
				SWIFT_DEFAULT_ACTOR_ISOLATION = MainActor;
				SWIFT_EMIT_LOC_STRINGS = YES;
				SWIFT_UPCOMING_FEATURE_MEMBER_IMPORT_VISIBILITY = YES;
				SWIFT_VERSION = 5.0;
				TARGETED_DEVICE_FAMILY = 1;
			};
			name = Debug;
		};
		81EE6CC42FCDDC4B009D28DE /* Release */ = {
			isa = XCBuildConfiguration;
			buildSettings = {
				ASSETCATALOG_COMPILER_APPICON_NAME = AppIcon;
				ASSETCATALOG_COMPILER_GLOBAL_ACCENT_COLOR_NAME = AccentColor;
				CODE_SIGN_ENTITLEMENTS = Gradely/Gradely.entitlements;
				CODE_SIGN_STYLE = Automatic;
				CURRENT_PROJECT_VERSION = 10;
				DEVELOPMENT_TEAM = C2U9S337H8;
				ENABLE_PREVIEWS = YES;
				GENERATE_INFOPLIST_FILE = NO;
				INFOPLIST_FILE = "Gradely-Info.plist";
				IPHONEOS_DEPLOYMENT_TARGET = 26.0;
				LD_RUNPATH_SEARCH_PATHS = (
					"$(inherited)",
					"@executable_path/Frameworks",
				);
				MARKETING_VERSION = 1.4;
				PRODUCT_BUNDLE_IDENTIFIER = com.bukovinafilip.BakalariMarks;
				PRODUCT_NAME = "$(TARGET_NAME)";
				REVENUECAT_IOS_API_KEY = appl_KTNbCvFOqwPTWfQKhjDCgSdSANH;
				STRING_CATALOG_GENERATE_SYMBOLS = YES;
				SUPPORTED_PLATFORMS = "iphoneos iphonesimulator";
				SUPPORTS_MACCATALYST = NO;
				SUPPORTS_MAC_DESIGNED_FOR_IPHONE_IPAD = NO;
				SUPPORTS_XR_DESIGNED_FOR_IPHONE_IPAD = NO;
				SWIFT_APPROACHABLE_CONCURRENCY = YES;
				SWIFT_DEFAULT_ACTOR_ISOLATION = MainActor;
				SWIFT_EMIT_LOC_STRINGS = YES;
				SWIFT_UPCOMING_FEATURE_MEMBER_IMPORT_VISIBILITY = YES;
				SWIFT_VERSION = 5.0;
				TARGETED_DEVICE_FAMILY = 1;
			};
			name = Release;
		};
		81EE6CC62FCDDC4B009D28DE /* Debug */ = {
			isa = XCBuildConfiguration;
			buildSettings = {
				BUNDLE_LOADER = "$(TEST_HOST)";
				CODE_SIGN_STYLE = Automatic;
				CURRENT_PROJECT_VERSION = 1;
				DEVELOPMENT_TEAM = C2U9S337H8;
				GENERATE_INFOPLIST_FILE = YES;
				IPHONEOS_DEPLOYMENT_TARGET = 26.5;
				MARKETING_VERSION = 1.0;
				PRODUCT_BUNDLE_IDENTIFIER = com.bukovinafilip.GradelyTests;
				PRODUCT_NAME = "$(TARGET_NAME)";
				STRING_CATALOG_GENERATE_SYMBOLS = NO;
				SWIFT_APPROACHABLE_CONCURRENCY = YES;
				SWIFT_EMIT_LOC_STRINGS = NO;
				SWIFT_UPCOMING_FEATURE_MEMBER_IMPORT_VISIBILITY = YES;
				SWIFT_VERSION = 5.0;
				TARGETED_DEVICE_FAMILY = "1,2";
				TEST_HOST = "$(BUILT_PRODUCTS_DIR)/Gradely.app/$(BUNDLE_EXECUTABLE_FOLDER_PATH)/Gradely";
			};
			name = Debug;
		};
		81EE6CC72FCDDC4B009D28DE /* Release */ = {
			isa = XCBuildConfiguration;
			buildSettings = {
				BUNDLE_LOADER = "$(TEST_HOST)";
				CODE_SIGN_STYLE = Automatic;
				CURRENT_PROJECT_VERSION = 1;
				DEVELOPMENT_TEAM = C2U9S337H8;
				GENERATE_INFOPLIST_FILE = YES;
				IPHONEOS_DEPLOYMENT_TARGET = 26.5;
				MARKETING_VERSION = 1.0;
				PRODUCT_BUNDLE_IDENTIFIER = com.bukovinafilip.GradelyTests;
				PRODUCT_NAME = "$(TARGET_NAME)";
				STRING_CATALOG_GENERATE_SYMBOLS = NO;
				SWIFT_APPROACHABLE_CONCURRENCY = YES;
				SWIFT_EMIT_LOC_STRINGS = NO;
				SWIFT_UPCOMING_FEATURE_MEMBER_IMPORT_VISIBILITY = YES;
				SWIFT_VERSION = 5.0;
				TARGETED_DEVICE_FAMILY = "1,2";
				TEST_HOST = "$(BUILT_PRODUCTS_DIR)/Gradely.app/$(BUNDLE_EXECUTABLE_FOLDER_PATH)/Gradely";
			};
			name = Release;
		};
		81EE6CC92FCDDC4B009D28DE /* Debug */ = {
			isa = XCBuildConfiguration;
			buildSettings = {
				CODE_SIGN_STYLE = Automatic;
				CURRENT_PROJECT_VERSION = 1;
				DEVELOPMENT_TEAM = C2U9S337H8;
				GENERATE_INFOPLIST_FILE = YES;
				MARKETING_VERSION = 1.0;
				PRODUCT_BUNDLE_IDENTIFIER = com.bukovinafilip.GradelyUITests;
				PRODUCT_NAME = "$(TARGET_NAME)";
				STRING_CATALOG_GENERATE_SYMBOLS = NO;
				SWIFT_APPROACHABLE_CONCURRENCY = YES;
				SWIFT_EMIT_LOC_STRINGS = NO;
				SWIFT_UPCOMING_FEATURE_MEMBER_IMPORT_VISIBILITY = YES;
				SWIFT_VERSION = 5.0;
				TARGETED_DEVICE_FAMILY = "1,2";
				TEST_TARGET_NAME = Gradely;
			};
			name = Debug;
		};
		81EE6CCA2FCDDC4B009D28DE /* Release */ = {
			isa = XCBuildConfiguration;
			buildSettings = {
				CODE_SIGN_STYLE = Automatic;
				CURRENT_PROJECT_VERSION = 1;
				DEVELOPMENT_TEAM = C2U9S337H8;
				GENERATE_INFOPLIST_FILE = YES;
				MARKETING_VERSION = 1.0;
				PRODUCT_BUNDLE_IDENTIFIER = com.bukovinafilip.GradelyUITests;
				PRODUCT_NAME = "$(TARGET_NAME)";
				STRING_CATALOG_GENERATE_SYMBOLS = NO;
				SWIFT_APPROACHABLE_CONCURRENCY = YES;
				SWIFT_EMIT_LOC_STRINGS = NO;
				SWIFT_UPCOMING_FEATURE_MEMBER_IMPORT_VISIBILITY = YES;
				SWIFT_VERSION = 5.0;
				TARGETED_DEVICE_FAMILY = "1,2";
				TEST_TARGET_NAME = Gradely;
			};
			name = Release;
		};
		D2104289C66A45019D2AAE8C /* Release */ = {
			isa = XCBuildConfiguration;
			buildSettings = {
				APPLICATION_EXTENSION_API_ONLY = YES;
				CODE_SIGN_ENTITLEMENTS = GradelyWidgets/GradelyWidgets.entitlements;
				CODE_SIGN_STYLE = Automatic;
				CURRENT_PROJECT_VERSION = 10;
				DEVELOPMENT_TEAM = C2U9S337H8;
				ENABLE_PREVIEWS = YES;
				INFOPLIST_FILE = "GradelyWidgets-Info.plist";
				IPHONEOS_DEPLOYMENT_TARGET = 26.0;
				LD_RUNPATH_SEARCH_PATHS = (
					"$(inherited)",
					"@executable_path/Frameworks",
					"@executable_path/../../Frameworks",
				);
				MARKETING_VERSION = 1.4;
				PRODUCT_BUNDLE_IDENTIFIER = com.bukovinafilip.BakalariMarks.GradelyWidgets;
				PRODUCT_NAME = "$(TARGET_NAME)";
				SKIP_INSTALL = YES;
				STRING_CATALOG_GENERATE_SYMBOLS = NO;
				SUPPORTED_PLATFORMS = "iphoneos iphonesimulator";
				SUPPORTS_MACCATALYST = NO;
				SUPPORTS_MAC_DESIGNED_FOR_IPHONE_IPAD = NO;
				SUPPORTS_XR_DESIGNED_FOR_IPHONE_IPAD = NO;
				SWIFT_APPROACHABLE_CONCURRENCY = YES;
				SWIFT_EMIT_LOC_STRINGS = YES;
				SWIFT_UPCOMING_FEATURE_MEMBER_IMPORT_VISIBILITY = YES;
				SWIFT_VERSION = 5.0;
				TARGETED_DEVICE_FAMILY = 1;
			};
			name = Release;
		};
/* End XCBuildConfiguration section */

/* Begin XCConfigurationList section */
		81EE6C9C2FCDDC4A009D28DE /* Build configuration list for PBXProject "Gradely" */ = {
			isa = XCConfigurationList;
			buildConfigurations = (
				81EE6CC02FCDDC4B009D28DE /* Debug */,
				81EE6CC12FCDDC4B009D28DE /* Release */,
			);
			defaultConfigurationIsVisible = 0;
			defaultConfigurationName = Release;
		};
		81EE6CC22FCDDC4B009D28DE /* Build configuration list for PBXNativeTarget "Gradely" */ = {
			isa = XCConfigurationList;
			buildConfigurations = (
				81EE6CC32FCDDC4B009D28DE /* Debug */,
				81EE6CC42FCDDC4B009D28DE /* Release */,
			);
			defaultConfigurationIsVisible = 0;
			defaultConfigurationName = Release;
		};
		81EE6CC52FCDDC4B009D28DE /* Build configuration list for PBXNativeTarget "GradelyTests" */ = {
			isa = XCConfigurationList;
			buildConfigurations = (
				81EE6CC62FCDDC4B009D28DE /* Debug */,
				81EE6CC72FCDDC4B009D28DE /* Release */,
			);
			defaultConfigurationIsVisible = 0;
			defaultConfigurationName = Release;
		};
		81EE6CC82FCDDC4B009D28DE /* Build configuration list for PBXNativeTarget "GradelyUITests" */ = {
			isa = XCConfigurationList;
			buildConfigurations = (
				81EE6CC92FCDDC4B009D28DE /* Debug */,
				81EE6CCA2FCDDC4B009D28DE /* Release */,
			);
			defaultConfigurationIsVisible = 0;
			defaultConfigurationName = Release;
		};
		88AF564662E647598A38D268 /* Build configuration list for PBXNativeTarget "GradelyWidgets" */ = {
			isa = XCConfigurationList;
			buildConfigurations = (
				2D79EEE0741D465FB1A1FB5D /* Debug */,
				D2104289C66A45019D2AAE8C /* Release */,
			);
			defaultConfigurationIsVisible = 0;
			defaultConfigurationName = Release;
		};
/* End XCConfigurationList section */

/* Begin XCRemoteSwiftPackageReference section */
		81EE6CCD2FCDDC4B009D28DE /* XCRemoteSwiftPackageReference "purchases-ios-spm" */ = {
			isa = XCRemoteSwiftPackageReference;
			repositoryURL = "https://github.com/RevenueCat/purchases-ios-spm.git";
			requirement = {
				kind = upToNextMajorVersion;
				minimumVersion = 5.0.0;
			};
		};
/* End XCRemoteSwiftPackageReference section */

/* Begin XCSwiftPackageProductDependency section */
		81EE6CCC2FCDDC4B009D28DE /* RevenueCat */ = {
			isa = XCSwiftPackageProductDependency;
			package = 81EE6CCD2FCDDC4B009D28DE /* XCRemoteSwiftPackageReference "purchases-ios-spm" */;
			productName = RevenueCat;
		};
/* End XCSwiftPackageProductDependency section */
	};
	rootObject = 81EE6C992FCDDC4A009D28DE /* Project object */;
}
